// !$*UTF8*$!
{
   archiveVersion = "1";
   objectVersion = "46";
   objects = {
      "OBJ_1" = {
         isa = "PBXProject";
         attributes = {
            LastSwiftMigration = "9999";
            LastUpgradeCheck = "9999";
         };
         buildConfigurationList = "OBJ_2";
         compatibilityVersion = "Xcode 3.2";
         developmentRegion = "en";
         hasScannedForEncodings = "0";
         knownRegions = (
            "en"
         );
         mainGroup = "OBJ_5";
         productRefGroup = "OBJ_147";
         projectDirPath = ".";
         targets = (
            "Yams::CYaml",
            "SourceKitten::Clang_C",
            "PathKit::PathKit",
            "PathKit::SwiftPMPackageDescription",
            "RIBsCodeGen::RIBsCodeGen",
            "RIBsCodeGen::SwiftPMPackageDescription",
            "Rainbow::Rainbow",
            "Rainbow::SwiftPMPackageDescription",
            "SWXMLHash::SWXMLHash",
            "SWXMLHash::SwiftPMPackageDescription",
            "SourceKitten::SourceKit",
            "SourceKitten::SourceKittenFramework",
            "SourceKitten::SwiftPMPackageDescription",
            "Yams::Yams",
            "Yams::SwiftPMPackageDescription",
            "RIBsCodeGen::ribscodegen::ProductTarget"
         );
      };
      "OBJ_10" = {
         isa = "PBXFileReference";
         path = "Command.swift";
         sourceTree = "<group>";
      };
      "OBJ_100" = {
         isa = "PBXFileReference";
         path = "SyntaxToken.swift";
         sourceTree = "<group>";
      };
      "OBJ_101" = {
         isa = "PBXFileReference";
         path = "Text.swift";
         sourceTree = "<group>";
      };
      "OBJ_102" = {
         isa = "PBXFileReference";
         path = "UID.swift";
         sourceTree = "<group>";
      };
      "OBJ_103" = {
         isa = "PBXFileReference";
         path = "UIDRepresentable.swift";
         sourceTree = "<group>";
      };
      "OBJ_104" = {
         isa = "PBXFileReference";
         path = "Version.swift";
         sourceTree = "<group>";
      };
      "OBJ_105" = {
         isa = "PBXFileReference";
         path = "Xcode.swift";
         sourceTree = "<group>";
      };
      "OBJ_106" = {
         isa = "PBXFileReference";
         path = "XcodeBuildSetting.swift";
         sourceTree = "<group>";
      };
      "OBJ_107" = {
         isa = "PBXFileReference";
         path = "library_wrapper.swift";
         sourceTree = "<group>";
      };
      "OBJ_108" = {
         isa = "PBXFileReference";
         path = "library_wrapper_Clang_C.swift";
         sourceTree = "<group>";
      };
      "OBJ_109" = {
         isa = "PBXFileReference";
         path = "library_wrapper_SourceKit.swift";
         sourceTree = "<group>";
      };
      "OBJ_11" = {
         isa = "PBXFileReference";
         path = "CreateComponentExtension.swift";
         sourceTree = "<group>";
      };
      "OBJ_110" = {
         isa = "PBXGroup";
         children = (
         );
         name = "sourcekitten";
         path = ".build/checkouts/SourceKitten/Source/sourcekitten";
         sourceTree = "SOURCE_ROOT";
      };
      "OBJ_111" = {
         isa = "PBXFileReference";
         explicitFileType = "sourcecode.swift";
         name = "Package.swift";
         path = "/Users/imairiyousuke/git/RIBsCodeGen/.build/checkouts/SourceKitten/Package.swift";
         sourceTree = "<group>";
      };
      "OBJ_112" = {
         isa = "PBXGroup";
         children = (
            "OBJ_113",
            "OBJ_125",
            "OBJ_141"
         );
         name = "Yams 4.0.4";
         path = "";
         sourceTree = "SOURCE_ROOT";
      };
      "OBJ_113" = {
         isa = "PBXGroup";
         children = (
            "OBJ_114",
            "OBJ_121"
         );
         name = "CYaml";
         path = ".build/checkouts/Yams/Sources/CYaml";
         sourceTree = "SOURCE_ROOT";
      };
      "OBJ_114" = {
         isa = "PBXGroup";
         children = (
            "OBJ_115",
            "OBJ_116",
            "OBJ_117",
            "OBJ_118",
            "OBJ_119",
            "OBJ_120"
         );
         name = "src";
         path = "src";
         sourceTree = "<group>";
      };
      "OBJ_115" = {
         isa = "PBXFileReference";
         path = "api.c";
         sourceTree = "<group>";
      };
      "OBJ_116" = {
         isa = "PBXFileReference";
         path = "emitter.c";
         sourceTree = "<group>";
      };
      "OBJ_117" = {
         isa = "PBXFileReference";
         path = "parser.c";
         sourceTree = "<group>";
      };
      "OBJ_118" = {
         isa = "PBXFileReference";
         path = "reader.c";
         sourceTree = "<group>";
      };
      "OBJ_119" = {
         isa = "PBXFileReference";
         path = "scanner.c";
         sourceTree = "<group>";
      };
      "OBJ_12" = {
         isa = "PBXFileReference";
         path = "CreateRIBCommand.swift";
         sourceTree = "<group>";
      };
      "OBJ_120" = {
         isa = "PBXFileReference";
         path = "writer.c";
         sourceTree = "<group>";
      };
      "OBJ_121" = {
         isa = "PBXGroup";
         children = (
            "OBJ_122",
            "OBJ_123",
            "OBJ_124"
         );
         name = "include";
         path = "include";
         sourceTree = "<group>";
      };
      "OBJ_122" = {
         isa = "PBXFileReference";
         path = "CYaml.h";
         sourceTree = "<group>";
      };
      "OBJ_123" = {
         isa = "PBXFileReference";
         path = "yaml.h";
         sourceTree = "<group>";
      };
      "OBJ_124" = {
         isa = "PBXFileReference";
         name = "module.modulemap";
         path = "/Users/imairiyousuke/git/RIBsCodeGen/.build/checkouts/Yams/Sources/CYaml/include/module.modulemap";
         sourceTree = "<group>";
      };
      "OBJ_125" = {
         isa = "PBXGroup";
         children = (
            "OBJ_126",
            "OBJ_127",
            "OBJ_128",
            "OBJ_129",
            "OBJ_130",
            "OBJ_131",
            "OBJ_132",
            "OBJ_133",
            "OBJ_134",
            "OBJ_135",
            "OBJ_136",
            "OBJ_137",
            "OBJ_138",
            "OBJ_139",
            "OBJ_140"
         );
         name = "Yams";
         path = ".build/checkouts/Yams/Sources/Yams";
         sourceTree = "SOURCE_ROOT";
      };
      "OBJ_126" = {
         isa = "PBXFileReference";
         path = "Constructor.swift";
         sourceTree = "<group>";
      };
      "OBJ_127" = {
         isa = "PBXFileReference";
         path = "Decoder.swift";
         sourceTree = "<group>";
      };
      "OBJ_128" = {
         isa = "PBXFileReference";
         path = "Emitter.swift";
         sourceTree = "<group>";
      };
      "OBJ_129" = {
         isa = "PBXFileReference";
         path = "Encoder.swift";
         sourceTree = "<group>";
      };
      "OBJ_13" = {
         isa = "PBXFileReference";
         path = "DependencyCommand.swift";
         sourceTree = "<group>";
      };
      "OBJ_130" = {
         isa = "PBXFileReference";
         path = "Mark.swift";
         sourceTree = "<group>";
      };
      "OBJ_131" = {
         isa = "PBXFileReference";
         path = "Node.Mapping.swift";
         sourceTree = "<group>";
      };
      "OBJ_132" = {
         isa = "PBXFileReference";
         path = "Node.Scalar.swift";
         sourceTree = "<group>";
      };
      "OBJ_133" = {
         isa = "PBXFileReference";
         path = "Node.Sequence.swift";
         sourceTree = "<group>";
      };
      "OBJ_134" = {
         isa = "PBXFileReference";
         path = "Node.swift";
         sourceTree = "<group>";
      };
      "OBJ_135" = {
         isa = "PBXFileReference";
         path = "Parser.swift";
         sourceTree = "<group>";
      };
      "OBJ_136" = {
         isa = "PBXFileReference";
         path = "Representer.swift";
         sourceTree = "<group>";
      };
      "OBJ_137" = {
         isa = "PBXFileReference";
         path = "Resolver.swift";
         sourceTree = "<group>";
      };
      "OBJ_138" = {
         isa = "PBXFileReference";
         path = "String+Yams.swift";
         sourceTree = "<group>";
      };
      "OBJ_139" = {
         isa = "PBXFileReference";
         path = "Tag.swift";
         sourceTree = "<group>";
      };
      "OBJ_14" = {
         isa = "PBXFileReference";
         path = "HelpCommand.swift";
         sourceTree = "<group>";
      };
      "OBJ_140" = {
         isa = "PBXFileReference";
         path = "YamlError.swift";
         sourceTree = "<group>";
      };
      "OBJ_141" = {
         isa = "PBXFileReference";
         explicitFileType = "sourcecode.swift";
         name = "Package.swift";
         path = "/Users/imairiyousuke/git/RIBsCodeGen/.build/checkouts/Yams/Package.swift";
         sourceTree = "<group>";
      };
      "OBJ_142" = {
         isa = "PBXGroup";
         children = (
            "OBJ_143",
            "OBJ_144",
            "OBJ_145",
            "OBJ_146"
         );
         name = "SWXMLHash 5.0.1";
         path = ".build/checkouts/SWXMLHash/Source";
         sourceTree = "SOURCE_ROOT";
      };
      "OBJ_143" = {
         isa = "PBXFileReference";
         explicitFileType = "sourcecode.swift";
         name = "Package.swift";
         path = "/Users/imairiyousuke/git/RIBsCodeGen/.build/checkouts/SWXMLHash/Package.swift";
         sourceTree = "<group>";
      };
      "OBJ_144" = {
         isa = "PBXFileReference";
         path = "SWXMLHash.swift";
         sourceTree = "<group>";
      };
      "OBJ_145" = {
         isa = "PBXFileReference";
         path = "XMLIndexer+XMLIndexerDeserializable.swift";
         sourceTree = "<group>";
      };
      "OBJ_146" = {
         isa = "PBXFileReference";
         path = "shim.swift";
         sourceTree = "<group>";
      };
      "OBJ_147" = {
         isa = "PBXGroup";
         children = (
            "Yams::CYaml::Product",
            "SourceKitten::Clang_C::Product",
            "PathKit::PathKit::Product",
            "RIBsCodeGen::RIBsCodeGen::Product",
            "Rainbow::Rainbow::Product",
            "SWXMLHash::SWXMLHash::Product",
            "SourceKitten::SourceKit::Product",
            "SourceKitten::SourceKittenFramework::Product",
            "Yams::Yams::Product"
         );
         name = "Products";
         path = "";
         sourceTree = "BUILT_PRODUCTS_DIR";
      };
      "OBJ_15" = {
         isa = "PBXFileReference";
         path = "Error.swift";
         sourceTree = "<group>";
      };
      "OBJ_157" = {
         isa = "PBXFileReference";
         path = "images";
         sourceTree = "SOURCE_ROOT";
      };
      "OBJ_158" = {
         isa = "PBXFileReference";
         path = "Sample";
         sourceTree = "SOURCE_ROOT";
      };
      "OBJ_159" = {
         isa = "PBXFileReference";
         path = "Templates";
         sourceTree = "SOURCE_ROOT";
      };
      "OBJ_16" = {
         isa = "PBXGroup";
         children = (
            "OBJ_17",
            "OBJ_18",
            "OBJ_19",
            "OBJ_20"
         );
         name = "Extensions";
         path = "Extensions";
         sourceTree = "<group>";
      };
      "OBJ_160" = {
         isa = "PBXFileReference";
         path = "LICENSE";
         sourceTree = "<group>";
      };
      "OBJ_161" = {
         isa = "PBXFileReference";
         path = "ribstree.md";
         sourceTree = "<group>";
      };
      "OBJ_162" = {
         isa = "PBXFileReference";
         path = "README.md";
         sourceTree = "<group>";
      };
      "OBJ_164" = {
         isa = "XCConfigurationList";
         buildConfigurations = (
            "OBJ_165",
            "OBJ_166"
         );
         defaultConfigurationIsVisible = "0";
         defaultConfigurationName = "Release";
      };
      "OBJ_165" = {
         isa = "XCBuildConfiguration";
         buildSettings = {
            CURRENT_PROJECT_VERSION = "1";
            DEFINES_MODULE = "NO";
            ENABLE_TESTABILITY = "YES";
            FRAMEWORK_SEARCH_PATHS = (
               "$(inherited)",
               "$(PLATFORM_DIR)/Developer/Library/Frameworks"
            );
            HEADER_SEARCH_PATHS = (
               "$(inherited)",
               "$(SRCROOT)/.build/checkouts/Yams/Sources/CYaml/include"
            );
            INFOPLIST_FILE = "RIBsCodeGen.xcodeproj/CYaml_Info.plist";
            IPHONEOS_DEPLOYMENT_TARGET = "9.0";
            LD_RUNPATH_SEARCH_PATHS = (
               "$(inherited)",
               "$(TOOLCHAIN_DIR)/usr/lib/swift/macosx"
            );
            MACOSX_DEPLOYMENT_TARGET = "10.10";
            OTHER_CFLAGS = (
               "$(inherited)"
            );
            OTHER_LDFLAGS = (
               "$(inherited)"
            );
            OTHER_SWIFT_FLAGS = (
               "$(inherited)"
            );
            PRODUCT_BUNDLE_IDENTIFIER = "CYaml";
            PRODUCT_MODULE_NAME = "$(TARGET_NAME:c99extidentifier)";
            PRODUCT_NAME = "$(TARGET_NAME:c99extidentifier)";
            SKIP_INSTALL = "YES";
            SWIFT_ACTIVE_COMPILATION_CONDITIONS = (
               "$(inherited)"
            );
            TARGET_NAME = "CYaml";
            TVOS_DEPLOYMENT_TARGET = "9.0";
            WATCHOS_DEPLOYMENT_TARGET = "2.0";
         };
         name = "Debug";
      };
      "OBJ_166" = {
         isa = "XCBuildConfiguration";
         buildSettings = {
            CURRENT_PROJECT_VERSION = "1";
            DEFINES_MODULE = "NO";
            ENABLE_TESTABILITY = "YES";
            FRAMEWORK_SEARCH_PATHS = (
               "$(inherited)",
               "$(PLATFORM_DIR)/Developer/Library/Frameworks"
            );
            HEADER_SEARCH_PATHS = (
               "$(inherited)",
               "$(SRCROOT)/.build/checkouts/Yams/Sources/CYaml/include"
            );
            INFOPLIST_FILE = "RIBsCodeGen.xcodeproj/CYaml_Info.plist";
            IPHONEOS_DEPLOYMENT_TARGET = "9.0";
            LD_RUNPATH_SEARCH_PATHS = (
               "$(inherited)",
               "$(TOOLCHAIN_DIR)/usr/lib/swift/macosx"
            );
            MACOSX_DEPLOYMENT_TARGET = "10.10";
            OTHER_CFLAGS = (
               "$(inherited)"
            );
            OTHER_LDFLAGS = (
               "$(inherited)"
            );
            OTHER_SWIFT_FLAGS = (
               "$(inherited)"
            );
            PRODUCT_BUNDLE_IDENTIFIER = "CYaml";
            PRODUCT_MODULE_NAME = "$(TARGET_NAME:c99extidentifier)";
            PRODUCT_NAME = "$(TARGET_NAME:c99extidentifier)";
            SKIP_INSTALL = "YES";
            SWIFT_ACTIVE_COMPILATION_CONDITIONS = (
               "$(inherited)"
            );
            TARGET_NAME = "CYaml";
            TVOS_DEPLOYMENT_TARGET = "9.0";
            WATCHOS_DEPLOYMENT_TARGET = "2.0";
         };
         name = "Release";
      };
      "OBJ_167" = {
         isa = "PBXSourcesBuildPhase";
         files = (
            "OBJ_168",
            "OBJ_169",
            "OBJ_170",
            "OBJ_171",
            "OBJ_172",
            "OBJ_173"
         );
      };
      "OBJ_168" = {
         isa = "PBXBuildFile";
         fileRef = "OBJ_115";
      };
      "OBJ_169" = {
         isa = "PBXBuildFile";
         fileRef = "OBJ_116";
      };
      "OBJ_17" = {
         isa = "PBXFileReference";
         path = "Array+SourceKit.swift";
         sourceTree = "<group>";
      };
      "OBJ_170" = {
         isa = "PBXBuildFile";
         fileRef = "OBJ_117";
      };
      "OBJ_171" = {
         isa = "PBXBuildFile";
         fileRef = "OBJ_118";
      };
      "OBJ_172" = {
         isa = "PBXBuildFile";
         fileRef = "OBJ_119";
      };
      "OBJ_173" = {
         isa = "PBXBuildFile";
         fileRef = "OBJ_120";
      };
      "OBJ_174" = {
         isa = "PBXFrameworksBuildPhase";
         files = (
         );
      };
      "OBJ_176" = {
         isa = "XCConfigurationList";
         buildConfigurations = (
            "OBJ_177",
            "OBJ_178"
         );
         defaultConfigurationIsVisible = "0";
         defaultConfigurationName = "Release";
      };
      "OBJ_177" = {
         isa = "XCBuildConfiguration";
         buildSettings = {
            CLANG_ENABLE_MODULES = "YES";
            CURRENT_PROJECT_VERSION = "1";
            DEFINES_MODULE = "YES";
            ENABLE_TESTABILITY = "YES";
            FRAMEWORK_SEARCH_PATHS = (
               "$(inherited)",
               "$(PLATFORM_DIR)/Developer/Library/Frameworks"
            );
            HEADER_SEARCH_PATHS = (
               "$(inherited)",
               "$(SRCROOT)/.build/checkouts/SourceKitten/Source/Clang_C/include"
            );
            INFOPLIST_FILE = "RIBsCodeGen.xcodeproj/Clang_C_Info.plist";
            IPHONEOS_DEPLOYMENT_TARGET = "9.0";
            LD_RUNPATH_SEARCH_PATHS = (
               "$(inherited)",
               "$(TOOLCHAIN_DIR)/usr/lib/swift/macosx"
            );
            MACOSX_DEPLOYMENT_TARGET = "10.10";
            OTHER_CFLAGS = (
               "$(inherited)"
            );
            OTHER_LDFLAGS = (
               "$(inherited)"
            );
            OTHER_SWIFT_FLAGS = (
               "$(inherited)"
            );
            PRODUCT_BUNDLE_IDENTIFIER = "Clang-C";
            PRODUCT_MODULE_NAME = "$(TARGET_NAME:c99extidentifier)";
            PRODUCT_NAME = "$(TARGET_NAME:c99extidentifier)";
            SKIP_INSTALL = "YES";
            SWIFT_ACTIVE_COMPILATION_CONDITIONS = (
               "$(inherited)"
            );
            TARGET_NAME = "Clang_C";
            TVOS_DEPLOYMENT_TARGET = "9.0";
            WATCHOS_DEPLOYMENT_TARGET = "2.0";
         };
         name = "Debug";
      };
      "OBJ_178" = {
         isa = "XCBuildConfiguration";
         buildSettings = {
            CLANG_ENABLE_MODULES = "YES";
            CURRENT_PROJECT_VERSION = "1";
            DEFINES_MODULE = "YES";
            ENABLE_TESTABILITY = "YES";
            FRAMEWORK_SEARCH_PATHS = (
               "$(inherited)",
               "$(PLATFORM_DIR)/Developer/Library/Frameworks"
            );
            HEADER_SEARCH_PATHS = (
               "$(inherited)",
               "$(SRCROOT)/.build/checkouts/SourceKitten/Source/Clang_C/include"
            );
            INFOPLIST_FILE = "RIBsCodeGen.xcodeproj/Clang_C_Info.plist";
            IPHONEOS_DEPLOYMENT_TARGET = "9.0";
            LD_RUNPATH_SEARCH_PATHS = (
               "$(inherited)",
               "$(TOOLCHAIN_DIR)/usr/lib/swift/macosx"
            );
            MACOSX_DEPLOYMENT_TARGET = "10.10";
            OTHER_CFLAGS = (
               "$(inherited)"
            );
            OTHER_LDFLAGS = (
               "$(inherited)"
            );
            OTHER_SWIFT_FLAGS = (
               "$(inherited)"
            );
            PRODUCT_BUNDLE_IDENTIFIER = "Clang-C";
            PRODUCT_MODULE_NAME = "$(TARGET_NAME:c99extidentifier)";
            PRODUCT_NAME = "$(TARGET_NAME:c99extidentifier)";
            SKIP_INSTALL = "YES";
            SWIFT_ACTIVE_COMPILATION_CONDITIONS = (
               "$(inherited)"
            );
            TARGET_NAME = "Clang_C";
            TVOS_DEPLOYMENT_TARGET = "9.0";
            WATCHOS_DEPLOYMENT_TARGET = "2.0";
         };
         name = "Release";
      };
      "OBJ_179" = {
         isa = "PBXSourcesBuildPhase";
         files = (
            "OBJ_180"
         );
      };
      "OBJ_18" = {
         isa = "PBXFileReference";
         path = "Dictionary+SourceKit.swift";
         sourceTree = "<group>";
      };
      "OBJ_180" = {
         isa = "PBXBuildFile";
         fileRef = "OBJ_49";
      };
      "OBJ_181" = {
         isa = "PBXHeadersBuildPhase";
         files = (
            "OBJ_182",
            "OBJ_183",
            "OBJ_184",
            "OBJ_185",
            "OBJ_186",
            "OBJ_187",
            "OBJ_188",
            "OBJ_189"
         );
      };
      "OBJ_182" = {
         isa = "PBXBuildFile";
         fileRef = "OBJ_51";
         settings = {
            ATTRIBUTES = (
               "Public"
            );
         };
      };
      "OBJ_183" = {
         isa = "PBXBuildFile";
         fileRef = "OBJ_52";
         settings = {
            ATTRIBUTES = (
               "Public"
            );
         };
      };
      "OBJ_184" = {
         isa = "PBXBuildFile";
         fileRef = "OBJ_53";
         settings = {
            ATTRIBUTES = (
               "Public"
            );
         };
      };
      "OBJ_185" = {
         isa = "PBXBuildFile";
         fileRef = "OBJ_54";
         settings = {
            ATTRIBUTES = (
               "Public"
            );
         };
      };
      "OBJ_186" = {
         isa = "PBXBuildFile";
         fileRef = "OBJ_55";
         settings = {
            ATTRIBUTES = (
               "Public"
            );
         };
      };
      "OBJ_187" = {
         isa = "PBXBuildFile";
         fileRef = "OBJ_56";
         settings = {
            ATTRIBUTES = (
               "Public"
            );
         };
      };
      "OBJ_188" = {
         isa = "PBXBuildFile";
         fileRef = "OBJ_57";
         settings = {
            ATTRIBUTES = (
               "Public"
            );
         };
      };
      "OBJ_189" = {
         isa = "PBXBuildFile";
         fileRef = "OBJ_58";
         settings = {
            ATTRIBUTES = (
               "Public"
            );
         };
      };
      "OBJ_19" = {
         isa = "PBXFileReference";
         path = "String+Foundation.swift";
         sourceTree = "<group>";
      };
      "OBJ_190" = {
         isa = "PBXFrameworksBuildPhase";
         files = (
         );
      };
      "OBJ_192" = {
         isa = "XCConfigurationList";
         buildConfigurations = (
            "OBJ_193",
            "OBJ_194"
         );
         defaultConfigurationIsVisible = "0";
         defaultConfigurationName = "Release";
      };
      "OBJ_193" = {
         isa = "XCBuildConfiguration";
         buildSettings = {
            CURRENT_PROJECT_VERSION = "1";
            ENABLE_TESTABILITY = "YES";
            FRAMEWORK_SEARCH_PATHS = (
               "$(inherited)",
               "$(PLATFORM_DIR)/Developer/Library/Frameworks"
            );
            HEADER_SEARCH_PATHS = (
               "$(inherited)"
            );
            INFOPLIST_FILE = "RIBsCodeGen.xcodeproj/PathKit_Info.plist";
            LD_RUNPATH_SEARCH_PATHS = (
               "$(inherited)",
               "$(TOOLCHAIN_DIR)/usr/lib/swift/macosx"
            );
            OTHER_CFLAGS = (
               "$(inherited)"
            );
            OTHER_LDFLAGS = (
               "$(inherited)"
            );
            OTHER_SWIFT_FLAGS = (
               "$(inherited)"
            );
            PRODUCT_BUNDLE_IDENTIFIER = "PathKit";
            PRODUCT_MODULE_NAME = "$(TARGET_NAME:c99extidentifier)";
            PRODUCT_NAME = "$(TARGET_NAME:c99extidentifier)";
            SKIP_INSTALL = "YES";
            SWIFT_ACTIVE_COMPILATION_CONDITIONS = (
               "$(inherited)"
            );
            SWIFT_VERSION = "4.2";
            TARGET_NAME = "PathKit";
         };
         name = "Debug";
      };
      "OBJ_194" = {
         isa = "XCBuildConfiguration";
         buildSettings = {
            CURRENT_PROJECT_VERSION = "1";
            ENABLE_TESTABILITY = "YES";
            FRAMEWORK_SEARCH_PATHS = (
               "$(inherited)",
               "$(PLATFORM_DIR)/Developer/Library/Frameworks"
            );
            HEADER_SEARCH_PATHS = (
               "$(inherited)"
            );
            INFOPLIST_FILE = "RIBsCodeGen.xcodeproj/PathKit_Info.plist";
            LD_RUNPATH_SEARCH_PATHS = (
               "$(inherited)",
               "$(TOOLCHAIN_DIR)/usr/lib/swift/macosx"
            );
            OTHER_CFLAGS = (
               "$(inherited)"
            );
            OTHER_LDFLAGS = (
               "$(inherited)"
            );
            OTHER_SWIFT_FLAGS = (
               "$(inherited)"
            );
            PRODUCT_BUNDLE_IDENTIFIER = "PathKit";
            PRODUCT_MODULE_NAME = "$(TARGET_NAME:c99extidentifier)";
            PRODUCT_NAME = "$(TARGET_NAME:c99extidentifier)";
            SKIP_INSTALL = "YES";
            SWIFT_ACTIVE_COMPILATION_CONDITIONS = (
               "$(inherited)"
            );
            SWIFT_VERSION = "4.2";
            TARGET_NAME = "PathKit";
         };
         name = "Release";
      };
      "OBJ_195" = {
         isa = "PBXSourcesBuildPhase";
         files = (
            "OBJ_196"
         );
      };
      "OBJ_196" = {
         isa = "PBXBuildFile";
         fileRef = "OBJ_46";
      };
      "OBJ_197" = {
         isa = "PBXFrameworksBuildPhase";
         files = (
         );
      };
      "OBJ_199" = {
         isa = "XCConfigurationList";
         buildConfigurations = (
            "OBJ_200",
            "OBJ_201"
         );
         defaultConfigurationIsVisible = "0";
         defaultConfigurationName = "Release";
      };
      "OBJ_2" = {
         isa = "XCConfigurationList";
         buildConfigurations = (
            "OBJ_3",
            "OBJ_4"
         );
         defaultConfigurationIsVisible = "0";
         defaultConfigurationName = "Release";
      };
      "OBJ_20" = {
         isa = "PBXFileReference";
         path = "SwiftExpressionKind.swift";
         sourceTree = "<group>";
      };
      "OBJ_200" = {
         isa = "XCBuildConfiguration";
         buildSettings = {
            LD = "/usr/bin/true";
            OTHER_SWIFT_FLAGS = (
               "-swift-version",
               "4.2",
               "-I",
               "$(TOOLCHAIN_DIR)/usr/lib/swift/pm/4_2",
               "-sdk",
               "/Applications/Xcode12.5.app/Contents/Developer/Platforms/MacOSX.platform/Developer/SDKs/MacOSX11.3.sdk",
               "-package-description-version",
               "4.2.0"
            );
            SWIFT_VERSION = "4.2";
         };
         name = "Debug";
      };
      "OBJ_201" = {
         isa = "XCBuildConfiguration";
         buildSettings = {
            LD = "/usr/bin/true";
            OTHER_SWIFT_FLAGS = (
               "-swift-version",
               "4.2",
               "-I",
               "$(TOOLCHAIN_DIR)/usr/lib/swift/pm/4_2",
               "-sdk",
               "/Applications/Xcode12.5.app/Contents/Developer/Platforms/MacOSX.platform/Developer/SDKs/MacOSX11.3.sdk",
               "-package-description-version",
               "4.2.0"
            );
            SWIFT_VERSION = "4.2";
         };
         name = "Release";
      };
      "OBJ_202" = {
         isa = "PBXSourcesBuildPhase";
         files = (
            "OBJ_203"
         );
      };
      "OBJ_203" = {
         isa = "PBXBuildFile";
         fileRef = "OBJ_45";
      };
      "OBJ_205" = {
         isa = "XCConfigurationList";
         buildConfigurations = (
            "OBJ_206",
            "OBJ_207"
         );
         defaultConfigurationIsVisible = "0";
         defaultConfigurationName = "Release";
      };
      "OBJ_206" = {
         isa = "XCBuildConfiguration";
         buildSettings = {
            CURRENT_PROJECT_VERSION = "1";
            FRAMEWORK_SEARCH_PATHS = (
               "$(inherited)",
               "$(PLATFORM_DIR)/Developer/Library/Frameworks"
            );
            HEADER_SEARCH_PATHS = (
               "$(inherited)",
               "$(SRCROOT)/.build/checkouts/Yams/Sources/CYaml/include",
               "$(SRCROOT)/.build/checkouts/SourceKitten/Source/SourceKit/include",
               "$(SRCROOT)/.build/checkouts/SourceKitten/Source/Clang_C/include"
            );
            INFOPLIST_FILE = "RIBsCodeGen.xcodeproj/RIBsCodeGen_Info.plist";
            IPHONEOS_DEPLOYMENT_TARGET = "9.0";
            LD_RUNPATH_SEARCH_PATHS = (
               "$(inherited)",
               "$(TOOLCHAIN_DIR)/usr/lib/swift/macosx",
               "@executable_path"
            );
            MACOSX_DEPLOYMENT_TARGET = "10.10";
            OTHER_CFLAGS = (
               "$(inherited)"
            );
            OTHER_LDFLAGS = (
               "$(inherited)"
            );
            OTHER_SWIFT_FLAGS = (
               "$(inherited)",
               "-Xcc",
               "-fmodule-map-file=$(SRCROOT)/.build/checkouts/Yams/Sources/CYaml/include/module.modulemap"
            );
            SWIFT_ACTIVE_COMPILATION_CONDITIONS = (
               "$(inherited)"
            );
            SWIFT_FORCE_DYNAMIC_LINK_STDLIB = "YES";
            SWIFT_FORCE_STATIC_LINK_STDLIB = "NO";
            SWIFT_VERSION = "5.0";
            TARGET_NAME = "RIBsCodeGen";
            TVOS_DEPLOYMENT_TARGET = "9.0";
            WATCHOS_DEPLOYMENT_TARGET = "2.0";
         };
         name = "Debug";
      };
      "OBJ_207" = {
         isa = "XCBuildConfiguration";
         buildSettings = {
            CURRENT_PROJECT_VERSION = "1";
            FRAMEWORK_SEARCH_PATHS = (
               "$(inherited)",
               "$(PLATFORM_DIR)/Developer/Library/Frameworks"
            );
            HEADER_SEARCH_PATHS = (
               "$(inherited)",
               "$(SRCROOT)/.build/checkouts/Yams/Sources/CYaml/include",
               "$(SRCROOT)/.build/checkouts/SourceKitten/Source/SourceKit/include",
               "$(SRCROOT)/.build/checkouts/SourceKitten/Source/Clang_C/include"
            );
            INFOPLIST_FILE = "RIBsCodeGen.xcodeproj/RIBsCodeGen_Info.plist";
            IPHONEOS_DEPLOYMENT_TARGET = "9.0";
            LD_RUNPATH_SEARCH_PATHS = (
               "$(inherited)",
               "$(TOOLCHAIN_DIR)/usr/lib/swift/macosx",
               "@executable_path"
            );
            MACOSX_DEPLOYMENT_TARGET = "10.10";
            OTHER_CFLAGS = (
               "$(inherited)"
            );
            OTHER_LDFLAGS = (
               "$(inherited)"
            );
            OTHER_SWIFT_FLAGS = (
               "$(inherited)",
               "-Xcc",
               "-fmodule-map-file=$(SRCROOT)/.build/checkouts/Yams/Sources/CYaml/include/module.modulemap"
            );
            SWIFT_ACTIVE_COMPILATION_CONDITIONS = (
               "$(inherited)"
            );
            SWIFT_FORCE_DYNAMIC_LINK_STDLIB = "YES";
            SWIFT_FORCE_STATIC_LINK_STDLIB = "NO";
            SWIFT_VERSION = "5.0";
            TARGET_NAME = "RIBsCodeGen";
            TVOS_DEPLOYMENT_TARGET = "9.0";
            WATCHOS_DEPLOYMENT_TARGET = "2.0";
         };
         name = "Release";
      };
      "OBJ_208" = {
         isa = "PBXSourcesBuildPhase";
         files = (
            "OBJ_209",
            "OBJ_210",
            "OBJ_211",
            "OBJ_212",
            "OBJ_213",
            "OBJ_214",
            "OBJ_215",
            "OBJ_216",
            "OBJ_217",
            "OBJ_218",
            "OBJ_219",
            "OBJ_220",
            "OBJ_221",
            "OBJ_222",
            "OBJ_223",
            "OBJ_224",
            "OBJ_225"
         );
      };
      "OBJ_209" = {
         isa = "PBXBuildFile";
         fileRef = "OBJ_10";
      };
      "OBJ_21" = {
         isa = "PBXGroup";
         children = (
            "OBJ_22",
            "OBJ_23",
            "OBJ_24",
            "OBJ_25",
            "OBJ_26"
         );
         name = "Models";
         path = "Models";
         sourceTree = "<group>";
      };
      "OBJ_210" = {
         isa = "PBXBuildFile";
         fileRef = "OBJ_11";
      };
      "OBJ_211" = {
         isa = "PBXBuildFile";
         fileRef = "OBJ_12";
      };
      "OBJ_212" = {
         isa = "PBXBuildFile";
         fileRef = "OBJ_13";
      };
      "OBJ_213" = {
         isa = "PBXBuildFile";
         fileRef = "OBJ_14";
      };
      "OBJ_214" = {
         isa = "PBXBuildFile";
         fileRef = "OBJ_15";
      };
      "OBJ_215" = {
         isa = "PBXBuildFile";
         fileRef = "OBJ_17";
      };
      "OBJ_216" = {
         isa = "PBXBuildFile";
         fileRef = "OBJ_18";
      };
      "OBJ_217" = {
         isa = "PBXBuildFile";
         fileRef = "OBJ_19";
      };
      "OBJ_218" = {
         isa = "PBXBuildFile";
         fileRef = "OBJ_20";
      };
      "OBJ_219" = {
         isa = "PBXBuildFile";
         fileRef = "OBJ_22";
      };
      "OBJ_22" = {
         isa = "PBXFileReference";
         path = "Argument.swift";
         sourceTree = "<group>";
      };
      "OBJ_220" = {
         isa = "PBXBuildFile";
         fileRef = "OBJ_23";
      };
      "OBJ_221" = {
         isa = "PBXBuildFile";
         fileRef = "OBJ_24";
      };
      "OBJ_222" = {
         isa = "PBXBuildFile";
         fileRef = "OBJ_25";
      };
      "OBJ_223" = {
         isa = "PBXBuildFile";
         fileRef = "OBJ_26";
      };
      "OBJ_224" = {
         isa = "PBXBuildFile";
         fileRef = "OBJ_27";
      };
      "OBJ_225" = {
         isa = "PBXBuildFile";
         fileRef = "OBJ_28";
      };
      "OBJ_226" = {
         isa = "PBXFrameworksBuildPhase";
         files = (
            "OBJ_227",
            "OBJ_228",
            "OBJ_229",
            "OBJ_230",
            "OBJ_231",
            "OBJ_232",
            "OBJ_233",
            "OBJ_234"
         );
      };
      "OBJ_227" = {
         isa = "PBXBuildFile";
         fileRef = "Rainbow::Rainbow::Product";
      };
      "OBJ_228" = {
         isa = "PBXBuildFile";
         fileRef = "PathKit::PathKit::Product";
      };
      "OBJ_229" = {
         isa = "PBXBuildFile";
         fileRef = "SourceKitten::SourceKittenFramework::Product";
      };
      "OBJ_23" = {
         isa = "PBXFileReference";
         path = "Edge.swift";
         sourceTree = "<group>";
      };
      "OBJ_230" = {
         isa = "PBXBuildFile";
         fileRef = "Yams::Yams::Product";
      };
      "OBJ_231" = {
         isa = "PBXBuildFile";
         fileRef = "Yams::CYaml::Product";
      };
      "OBJ_232" = {
         isa = "PBXBuildFile";
         fileRef = "SWXMLHash::SWXMLHash::Product";
      };
      "OBJ_233" = {
         isa = "PBXBuildFile";
         fileRef = "SourceKitten::SourceKit::Product";
      };
      "OBJ_234" = {
         isa = "PBXBuildFile";
         fileRef = "SourceKitten::Clang_C::Product";
      };
      "OBJ_235" = {
         isa = "PBXTargetDependency";
         target = "Rainbow::Rainbow";
      };
      "OBJ_237" = {
         isa = "PBXTargetDependency";
         target = "PathKit::PathKit";
      };
      "OBJ_238" = {
         isa = "PBXTargetDependency";
         target = "SourceKitten::SourceKittenFramework";
      };
      "OBJ_24" = {
         isa = "PBXFileReference";
         path = "Formatter.swift";
         sourceTree = "<group>";
      };
      "OBJ_240" = {
         isa = "PBXTargetDependency";
         target = "Yams::Yams";
      };
      "OBJ_242" = {
         isa = "PBXTargetDependency";
         target = "Yams::CYaml";
      };
      "OBJ_243" = {
         isa = "PBXTargetDependency";
         target = "SWXMLHash::SWXMLHash";
      };
      "OBJ_245" = {
         isa = "PBXTargetDependency";
         target = "SourceKitten::SourceKit";
      };
      "OBJ_247" = {
         isa = "PBXTargetDependency";
         target = "SourceKitten::Clang_C";
      };
      "OBJ_249" = {
         isa = "XCConfigurationList";
         buildConfigurations = (
            "OBJ_250",
            "OBJ_251"
         );
         defaultConfigurationIsVisible = "0";
         defaultConfigurationName = "Release";
      };
      "OBJ_25" = {
         isa = "PBXFileReference";
         path = "Node.swift";
         sourceTree = "<group>";
      };
      "OBJ_250" = {
         isa = "XCBuildConfiguration";
         buildSettings = {
            LD = "/usr/bin/true";
            OTHER_SWIFT_FLAGS = (
               "-swift-version",
               "5",
               "-I",
               "$(TOOLCHAIN_DIR)/usr/lib/swift/pm/4_2",
               "-sdk",
               "/Applications/Xcode12.5.app/Contents/Developer/Platforms/MacOSX.platform/Developer/SDKs/MacOSX11.3.sdk",
               "-package-description-version",
               "5.3.0"
            );
            SWIFT_VERSION = "5.0";
         };
         name = "Debug";
      };
      "OBJ_251" = {
         isa = "XCBuildConfiguration";
         buildSettings = {
            LD = "/usr/bin/true";
            OTHER_SWIFT_FLAGS = (
               "-swift-version",
               "5",
               "-I",
               "$(TOOLCHAIN_DIR)/usr/lib/swift/pm/4_2",
               "-sdk",
               "/Applications/Xcode12.5.app/Contents/Developer/Platforms/MacOSX.platform/Developer/SDKs/MacOSX11.3.sdk",
               "-package-description-version",
               "5.3.0"
            );
            SWIFT_VERSION = "5.0";
         };
         name = "Release";
      };
      "OBJ_252" = {
         isa = "PBXSourcesBuildPhase";
         files = (
            "OBJ_253"
         );
      };
      "OBJ_253" = {
         isa = "PBXBuildFile";
         fileRef = "OBJ_6";
      };
      "OBJ_254" = {
         isa = "XCConfigurationList";
         buildConfigurations = (
            "OBJ_255",
            "OBJ_256"
         );
         defaultConfigurationIsVisible = "0";
         defaultConfigurationName = "Release";
      };
      "OBJ_255" = {
         isa = "XCBuildConfiguration";
         buildSettings = {
            CURRENT_PROJECT_VERSION = "1";
            ENABLE_TESTABILITY = "YES";
            FRAMEWORK_SEARCH_PATHS = (
               "$(inherited)",
               "$(PLATFORM_DIR)/Developer/Library/Frameworks"
            );
            HEADER_SEARCH_PATHS = (
               "$(inherited)"
            );
            INFOPLIST_FILE = "RIBsCodeGen.xcodeproj/Rainbow_Info.plist";
            LD_RUNPATH_SEARCH_PATHS = (
               "$(inherited)",
               "$(TOOLCHAIN_DIR)/usr/lib/swift/macosx"
            );
            OTHER_CFLAGS = (
               "$(inherited)"
            );
            OTHER_LDFLAGS = (
               "$(inherited)"
            );
            OTHER_SWIFT_FLAGS = (
               "$(inherited)"
            );
            PRODUCT_BUNDLE_IDENTIFIER = "Rainbow";
            PRODUCT_MODULE_NAME = "$(TARGET_NAME:c99extidentifier)";
            PRODUCT_NAME = "$(TARGET_NAME:c99extidentifier)";
            SKIP_INSTALL = "YES";
            SWIFT_ACTIVE_COMPILATION_CONDITIONS = (
               "$(inherited)"
            );
            SWIFT_VERSION = "4.0";
            TARGET_NAME = "Rainbow";
         };
         name = "Debug";
      };
      "OBJ_256" = {
         isa = "XCBuildConfiguration";
         buildSettings = {
            CURRENT_PROJECT_VERSION = "1";
            ENABLE_TESTABILITY = "YES";
            FRAMEWORK_SEARCH_PATHS = (
               "$(inherited)",
               "$(PLATFORM_DIR)/Developer/Library/Frameworks"
            );
            HEADER_SEARCH_PATHS = (
               "$(inherited)"
            );
            INFOPLIST_FILE = "RIBsCodeGen.xcodeproj/Rainbow_Info.plist";
            LD_RUNPATH_SEARCH_PATHS = (
               "$(inherited)",
               "$(TOOLCHAIN_DIR)/usr/lib/swift/macosx"
            );
            OTHER_CFLAGS = (
               "$(inherited)"
            );
            OTHER_LDFLAGS = (
               "$(inherited)"
            );
            OTHER_SWIFT_FLAGS = (
               "$(inherited)"
            );
            PRODUCT_BUNDLE_IDENTIFIER = "Rainbow";
            PRODUCT_MODULE_NAME = "$(TARGET_NAME:c99extidentifier)";
            PRODUCT_NAME = "$(TARGET_NAME:c99extidentifier)";
            SKIP_INSTALL = "YES";
            SWIFT_ACTIVE_COMPILATION_CONDITIONS = (
               "$(inherited)"
            );
            SWIFT_VERSION = "4.0";
            TARGET_NAME = "Rainbow";
         };
         name = "Release";
      };
      "OBJ_257" = {
         isa = "PBXSourcesBuildPhase";
         files = (
            "OBJ_258",
            "OBJ_259",
            "OBJ_260",
            "OBJ_261",
            "OBJ_262",
            "OBJ_263",
            "OBJ_264",
            "OBJ_265",
            "OBJ_266",
            "OBJ_267",
            "OBJ_268"
         );
      };
      "OBJ_258" = {
         isa = "PBXBuildFile";
         fileRef = "OBJ_33";
      };
      "OBJ_259" = {
         isa = "PBXBuildFile";
         fileRef = "OBJ_34";
      };
      "OBJ_26" = {
         isa = "PBXFileReference";
         path = "Setting.swift";
         sourceTree = "<group>";
      };
      "OBJ_260" = {
         isa = "PBXBuildFile";
         fileRef = "OBJ_35";
      };
      "OBJ_261" = {
         isa = "PBXBuildFile";
         fileRef = "OBJ_36";
      };
      "OBJ_262" = {
         isa = "PBXBuildFile";
         fileRef = "OBJ_37";
      };
      "OBJ_263" = {
         isa = "PBXBuildFile";
         fileRef = "OBJ_38";
      };
      "OBJ_264" = {
         isa = "PBXBuildFile";
         fileRef = "OBJ_39";
      };
      "OBJ_265" = {
         isa = "PBXBuildFile";
         fileRef = "OBJ_40";
      };
      "OBJ_266" = {
         isa = "PBXBuildFile";
         fileRef = "OBJ_41";
      };
      "OBJ_267" = {
         isa = "PBXBuildFile";
         fileRef = "OBJ_42";
      };
      "OBJ_268" = {
         isa = "PBXBuildFile";
         fileRef = "OBJ_43";
      };
      "OBJ_269" = {
         isa = "PBXFrameworksBuildPhase";
         files = (
         );
      };
      "OBJ_27" = {
         isa = "PBXFileReference";
         path = "Result.swift";
         sourceTree = "<group>";
      };
      "OBJ_271" = {
         isa = "XCConfigurationList";
         buildConfigurations = (
            "OBJ_272",
            "OBJ_273"
         );
         defaultConfigurationIsVisible = "0";
         defaultConfigurationName = "Release";
      };
      "OBJ_272" = {
         isa = "XCBuildConfiguration";
         buildSettings = {
            LD = "/usr/bin/true";
            OTHER_SWIFT_FLAGS = (
               "-swift-version",
               "4",
               "-I",
               "$(TOOLCHAIN_DIR)/usr/lib/swift/pm/4",
               "-sdk",
               "/Applications/Xcode12.5.app/Contents/Developer/Platforms/MacOSX.platform/Developer/SDKs/MacOSX11.3.sdk",
               "-package-description-version",
               "4.0.0"
            );
            SWIFT_VERSION = "4.0";
         };
         name = "Debug";
      };
      "OBJ_273" = {
         isa = "XCBuildConfiguration";
         buildSettings = {
            LD = "/usr/bin/true";
            OTHER_SWIFT_FLAGS = (
               "-swift-version",
               "4",
               "-I",
               "$(TOOLCHAIN_DIR)/usr/lib/swift/pm/4",
               "-sdk",
               "/Applications/Xcode12.5.app/Contents/Developer/Platforms/MacOSX.platform/Developer/SDKs/MacOSX11.3.sdk",
               "-package-description-version",
               "4.0.0"
            );
            SWIFT_VERSION = "4.0";
         };
         name = "Release";
      };
      "OBJ_274" = {
         isa = "PBXSourcesBuildPhase";
         files = (
            "OBJ_275"
         );
      };
      "OBJ_275" = {
         isa = "PBXBuildFile";
         fileRef = "OBJ_32";
      };
      "OBJ_276" = {
         isa = "XCConfigurationList";
         buildConfigurations = (
            "OBJ_277",
            "OBJ_278"
         );
         defaultConfigurationIsVisible = "0";
         defaultConfigurationName = "Release";
      };
      "OBJ_277" = {
         isa = "XCBuildConfiguration";
         buildSettings = {
            CURRENT_PROJECT_VERSION = "1";
            ENABLE_TESTABILITY = "YES";
            FRAMEWORK_SEARCH_PATHS = (
               "$(inherited)",
               "$(PLATFORM_DIR)/Developer/Library/Frameworks"
            );
            HEADER_SEARCH_PATHS = (
               "$(inherited)"
            );
            INFOPLIST_FILE = "RIBsCodeGen.xcodeproj/SWXMLHash_Info.plist";
            LD_RUNPATH_SEARCH_PATHS = (
               "$(inherited)",
               "$(TOOLCHAIN_DIR)/usr/lib/swift/macosx"
            );
            OTHER_CFLAGS = (
               "$(inherited)"
            );
            OTHER_LDFLAGS = (
               "$(inherited)"
            );
            OTHER_SWIFT_FLAGS = (
               "$(inherited)"
            );
            PRODUCT_BUNDLE_IDENTIFIER = "SWXMLHash";
            PRODUCT_MODULE_NAME = "$(TARGET_NAME:c99extidentifier)";
            PRODUCT_NAME = "$(TARGET_NAME:c99extidentifier)";
            SKIP_INSTALL = "YES";
            SWIFT_ACTIVE_COMPILATION_CONDITIONS = (
               "$(inherited)"
            );
            SWIFT_VERSION = "4.0";
            TARGET_NAME = "SWXMLHash";
         };
         name = "Debug";
      };
      "OBJ_278" = {
         isa = "XCBuildConfiguration";
         buildSettings = {
            CURRENT_PROJECT_VERSION = "1";
            ENABLE_TESTABILITY = "YES";
            FRAMEWORK_SEARCH_PATHS = (
               "$(inherited)",
               "$(PLATFORM_DIR)/Developer/Library/Frameworks"
            );
            HEADER_SEARCH_PATHS = (
               "$(inherited)"
            );
            INFOPLIST_FILE = "RIBsCodeGen.xcodeproj/SWXMLHash_Info.plist";
            LD_RUNPATH_SEARCH_PATHS = (
               "$(inherited)",
               "$(TOOLCHAIN_DIR)/usr/lib/swift/macosx"
            );
            OTHER_CFLAGS = (
               "$(inherited)"
            );
            OTHER_LDFLAGS = (
               "$(inherited)"
            );
            OTHER_SWIFT_FLAGS = (
               "$(inherited)"
            );
            PRODUCT_BUNDLE_IDENTIFIER = "SWXMLHash";
            PRODUCT_MODULE_NAME = "$(TARGET_NAME:c99extidentifier)";
            PRODUCT_NAME = "$(TARGET_NAME:c99extidentifier)";
            SKIP_INSTALL = "YES";
            SWIFT_ACTIVE_COMPILATION_CONDITIONS = (
               "$(inherited)"
            );
            SWIFT_VERSION = "4.0";
            TARGET_NAME = "SWXMLHash";
         };
         name = "Release";
      };
      "OBJ_279" = {
         isa = "PBXSourcesBuildPhase";
         files = (
            "OBJ_280",
            "OBJ_281",
            "OBJ_282"
         );
      };
      "OBJ_28" = {
         isa = "PBXFileReference";
         path = "main.swift";
         sourceTree = "<group>";
      };
      "OBJ_280" = {
         isa = "PBXBuildFile";
         fileRef = "OBJ_144";
      };
      "OBJ_281" = {
         isa = "PBXBuildFile";
         fileRef = "OBJ_145";
      };
      "OBJ_282" = {
         isa = "PBXBuildFile";
         fileRef = "OBJ_146";
      };
      "OBJ_283" = {
         isa = "PBXFrameworksBuildPhase";
         files = (
         );
      };
      "OBJ_285" = {
         isa = "XCConfigurationList";
         buildConfigurations = (
            "OBJ_286",
            "OBJ_287"
         );
         defaultConfigurationIsVisible = "0";
         defaultConfigurationName = "Release";
      };
      "OBJ_286" = {
         isa = "XCBuildConfiguration";
         buildSettings = {
            LD = "/usr/bin/true";
            OTHER_SWIFT_FLAGS = (
               "-swift-version",
               "4",
               "-I",
               "$(TOOLCHAIN_DIR)/usr/lib/swift/pm/4",
               "-sdk",
               "/Applications/Xcode12.5.app/Contents/Developer/Platforms/MacOSX.platform/Developer/SDKs/MacOSX11.3.sdk",
               "-package-description-version",
               "4.0.0"
            );
            SWIFT_VERSION = "4.0";
         };
         name = "Debug";
      };
      "OBJ_287" = {
         isa = "XCBuildConfiguration";
         buildSettings = {
            LD = "/usr/bin/true";
            OTHER_SWIFT_FLAGS = (
               "-swift-version",
               "4",
               "-I",
               "$(TOOLCHAIN_DIR)/usr/lib/swift/pm/4",
               "-sdk",
               "/Applications/Xcode12.5.app/Contents/Developer/Platforms/MacOSX.platform/Developer/SDKs/MacOSX11.3.sdk",
               "-package-description-version",
               "4.0.0"
            );
            SWIFT_VERSION = "4.0";
         };
         name = "Release";
      };
      "OBJ_288" = {
         isa = "PBXSourcesBuildPhase";
         files = (
            "OBJ_289"
         );
      };
      "OBJ_289" = {
         isa = "PBXBuildFile";
         fileRef = "OBJ_143";
      };
      "OBJ_29" = {
         isa = "PBXGroup";
         children = (
         );
         name = "Tests";
         path = "";
         sourceTree = "SOURCE_ROOT";
      };
      "OBJ_290" = {
         isa = "XCConfigurationList";
         buildConfigurations = (
            "OBJ_291",
            "OBJ_292"
         );
         defaultConfigurationIsVisible = "0";
         defaultConfigurationName = "Release";
      };
      "OBJ_291" = {
         isa = "XCBuildConfiguration";
         buildSettings = {
            CLANG_ENABLE_MODULES = "YES";
            CURRENT_PROJECT_VERSION = "1";
            DEFINES_MODULE = "YES";
            ENABLE_TESTABILITY = "YES";
            FRAMEWORK_SEARCH_PATHS = (
               "$(inherited)",
               "$(PLATFORM_DIR)/Developer/Library/Frameworks"
            );
            HEADER_SEARCH_PATHS = (
               "$(inherited)",
               "$(SRCROOT)/.build/checkouts/SourceKitten/Source/SourceKit/include"
            );
            INFOPLIST_FILE = "RIBsCodeGen.xcodeproj/SourceKit_Info.plist";
            IPHONEOS_DEPLOYMENT_TARGET = "9.0";
            LD_RUNPATH_SEARCH_PATHS = (
               "$(inherited)",
               "$(TOOLCHAIN_DIR)/usr/lib/swift/macosx"
            );
            MACOSX_DEPLOYMENT_TARGET = "10.10";
            OTHER_CFLAGS = (
               "$(inherited)"
            );
            OTHER_LDFLAGS = (
               "$(inherited)"
            );
            OTHER_SWIFT_FLAGS = (
               "$(inherited)"
            );
            PRODUCT_BUNDLE_IDENTIFIER = "SourceKit";
            PRODUCT_MODULE_NAME = "$(TARGET_NAME:c99extidentifier)";
            PRODUCT_NAME = "$(TARGET_NAME:c99extidentifier)";
            SKIP_INSTALL = "YES";
            SWIFT_ACTIVE_COMPILATION_CONDITIONS = (
               "$(inherited)"
            );
            TARGET_NAME = "SourceKit";
            TVOS_DEPLOYMENT_TARGET = "9.0";
            WATCHOS_DEPLOYMENT_TARGET = "2.0";
         };
         name = "Debug";
      };
      "OBJ_292" = {
         isa = "XCBuildConfiguration";
         buildSettings = {
            CLANG_ENABLE_MODULES = "YES";
            CURRENT_PROJECT_VERSION = "1";
            DEFINES_MODULE = "YES";
            ENABLE_TESTABILITY = "YES";
            FRAMEWORK_SEARCH_PATHS = (
               "$(inherited)",
               "$(PLATFORM_DIR)/Developer/Library/Frameworks"
            );
            HEADER_SEARCH_PATHS = (
               "$(inherited)",
               "$(SRCROOT)/.build/checkouts/SourceKitten/Source/SourceKit/include"
            );
            INFOPLIST_FILE = "RIBsCodeGen.xcodeproj/SourceKit_Info.plist";
            IPHONEOS_DEPLOYMENT_TARGET = "9.0";
            LD_RUNPATH_SEARCH_PATHS = (
               "$(inherited)",
               "$(TOOLCHAIN_DIR)/usr/lib/swift/macosx"
            );
            MACOSX_DEPLOYMENT_TARGET = "10.10";
            OTHER_CFLAGS = (
               "$(inherited)"
            );
            OTHER_LDFLAGS = (
               "$(inherited)"
            );
            OTHER_SWIFT_FLAGS = (
               "$(inherited)"
            );
            PRODUCT_BUNDLE_IDENTIFIER = "SourceKit";
            PRODUCT_MODULE_NAME = "$(TARGET_NAME:c99extidentifier)";
            PRODUCT_NAME = "$(TARGET_NAME:c99extidentifier)";
            SKIP_INSTALL = "YES";
            SWIFT_ACTIVE_COMPILATION_CONDITIONS = (
               "$(inherited)"
            );
            TARGET_NAME = "SourceKit";
            TVOS_DEPLOYMENT_TARGET = "9.0";
            WATCHOS_DEPLOYMENT_TARGET = "2.0";
         };
         name = "Release";
      };
      "OBJ_293" = {
         isa = "PBXSourcesBuildPhase";
         files = (
            "OBJ_294"
         );
      };
      "OBJ_294" = {
         isa = "PBXBuildFile";
         fileRef = "OBJ_60";
      };
      "OBJ_295" = {
         isa = "PBXHeadersBuildPhase";
         files = (
            "OBJ_296",
            "OBJ_297"
         );
      };
      "OBJ_296" = {
         isa = "PBXBuildFile";
         fileRef = "OBJ_62";
         settings = {
            ATTRIBUTES = (
               "Public"
            );
         };
      };
      "OBJ_297" = {
         isa = "PBXBuildFile";
         fileRef = "OBJ_63";
         settings = {
            ATTRIBUTES = (
               "Public"
            );
         };
      };
      "OBJ_298" = {
         isa = "PBXFrameworksBuildPhase";
         files = (
         );
      };
      "OBJ_299" = {
         isa = "XCConfigurationList";
         buildConfigurations = (
            "OBJ_300",
            "OBJ_301"
         );
         defaultConfigurationIsVisible = "0";
         defaultConfigurationName = "Release";
      };
      "OBJ_3" = {
         isa = "XCBuildConfiguration";
         buildSettings = {
            CLANG_ENABLE_OBJC_ARC = "YES";
            COMBINE_HIDPI_IMAGES = "YES";
            COPY_PHASE_STRIP = "NO";
            DEBUG_INFORMATION_FORMAT = "dwarf";
            DYLIB_INSTALL_NAME_BASE = "@rpath";
            ENABLE_NS_ASSERTIONS = "YES";
            GCC_OPTIMIZATION_LEVEL = "0";
            GCC_PREPROCESSOR_DEFINITIONS = (
               "$(inherited)",
               "SWIFT_PACKAGE=1",
               "DEBUG=1"
            );
            MACOSX_DEPLOYMENT_TARGET = "10.10";
            ONLY_ACTIVE_ARCH = "YES";
            OTHER_SWIFT_FLAGS = (
               "$(inherited)",
               "-DXcode"
            );
            PRODUCT_NAME = "$(TARGET_NAME)";
            SDKROOT = "macosx";
            SUPPORTED_PLATFORMS = (
               "$(AVAILABLE_PLATFORMS)"
            );
            SUPPORTS_MACCATALYST = "YES";
            SWIFT_ACTIVE_COMPILATION_CONDITIONS = (
               "$(inherited)",
               "SWIFT_PACKAGE",
               "DEBUG"
            );
            SWIFT_OPTIMIZATION_LEVEL = "-Onone";
            USE_HEADERMAP = "NO";
         };
         name = "Debug";
      };
      "OBJ_30" = {
         isa = "PBXGroup";
         children = (
            "OBJ_31",
            "OBJ_44",
            "OBJ_47",
            "OBJ_112",
            "OBJ_142"
         );
         name = "Dependencies";
         path = "";
         sourceTree = "<group>";
      };
      "OBJ_300" = {
         isa = "XCBuildConfiguration";
         buildSettings = {
            CURRENT_PROJECT_VERSION = "1";
            ENABLE_TESTABILITY = "YES";
            FRAMEWORK_SEARCH_PATHS = (
               "$(inherited)",
               "$(PLATFORM_DIR)/Developer/Library/Frameworks"
            );
            HEADER_SEARCH_PATHS = (
               "$(inherited)",
               "$(SRCROOT)/.build/checkouts/Yams/Sources/CYaml/include",
               "$(SRCROOT)/.build/checkouts/SourceKitten/Source/SourceKit/include",
               "$(SRCROOT)/.build/checkouts/SourceKitten/Source/Clang_C/include"
            );
            INFOPLIST_FILE = "RIBsCodeGen.xcodeproj/SourceKittenFramework_Info.plist";
            IPHONEOS_DEPLOYMENT_TARGET = "9.0";
            LD_RUNPATH_SEARCH_PATHS = (
               "$(inherited)",
               "$(TOOLCHAIN_DIR)/usr/lib/swift/macosx"
            );
            MACOSX_DEPLOYMENT_TARGET = "10.10";
            OTHER_CFLAGS = (
               "$(inherited)"
            );
            OTHER_LDFLAGS = (
               "$(inherited)"
            );
            OTHER_SWIFT_FLAGS = (
               "$(inherited)",
               "-Xcc",
               "-fmodule-map-file=$(SRCROOT)/.build/checkouts/Yams/Sources/CYaml/include/module.modulemap"
            );
            PRODUCT_BUNDLE_IDENTIFIER = "SourceKittenFramework";
            PRODUCT_MODULE_NAME = "$(TARGET_NAME:c99extidentifier)";
            PRODUCT_NAME = "$(TARGET_NAME:c99extidentifier)";
            SKIP_INSTALL = "YES";
            SWIFT_ACTIVE_COMPILATION_CONDITIONS = (
               "$(inherited)"
            );
            SWIFT_VERSION = "5.0";
            TARGET_NAME = "SourceKittenFramework";
            TVOS_DEPLOYMENT_TARGET = "9.0";
            WATCHOS_DEPLOYMENT_TARGET = "2.0";
         };
         name = "Debug";
      };
      "OBJ_301" = {
         isa = "XCBuildConfiguration";
         buildSettings = {
            CURRENT_PROJECT_VERSION = "1";
            ENABLE_TESTABILITY = "YES";
            FRAMEWORK_SEARCH_PATHS = (
               "$(inherited)",
               "$(PLATFORM_DIR)/Developer/Library/Frameworks"
            );
            HEADER_SEARCH_PATHS = (
               "$(inherited)",
               "$(SRCROOT)/.build/checkouts/Yams/Sources/CYaml/include",
               "$(SRCROOT)/.build/checkouts/SourceKitten/Source/SourceKit/include",
               "$(SRCROOT)/.build/checkouts/SourceKitten/Source/Clang_C/include"
            );
            INFOPLIST_FILE = "RIBsCodeGen.xcodeproj/SourceKittenFramework_Info.plist";
            IPHONEOS_DEPLOYMENT_TARGET = "9.0";
            LD_RUNPATH_SEARCH_PATHS = (
               "$(inherited)",
               "$(TOOLCHAIN_DIR)/usr/lib/swift/macosx"
            );
            MACOSX_DEPLOYMENT_TARGET = "10.10";
            OTHER_CFLAGS = (
               "$(inherited)"
            );
            OTHER_LDFLAGS = (
               "$(inherited)"
            );
            OTHER_SWIFT_FLAGS = (
               "$(inherited)",
               "-Xcc",
               "-fmodule-map-file=$(SRCROOT)/.build/checkouts/Yams/Sources/CYaml/include/module.modulemap"
            );
            PRODUCT_BUNDLE_IDENTIFIER = "SourceKittenFramework";
            PRODUCT_MODULE_NAME = "$(TARGET_NAME:c99extidentifier)";
            PRODUCT_NAME = "$(TARGET_NAME:c99extidentifier)";
            SKIP_INSTALL = "YES";
            SWIFT_ACTIVE_COMPILATION_CONDITIONS = (
               "$(inherited)"
            );
            SWIFT_VERSION = "5.0";
            TARGET_NAME = "SourceKittenFramework";
            TVOS_DEPLOYMENT_TARGET = "9.0";
            WATCHOS_DEPLOYMENT_TARGET = "2.0";
         };
         name = "Release";
      };
      "OBJ_302" = {
         isa = "PBXSourcesBuildPhase";
         files = (
            "OBJ_303",
            "OBJ_304",
            "OBJ_305",
            "OBJ_306",
            "OBJ_307",
            "OBJ_308",
            "OBJ_309",
            "OBJ_310",
            "OBJ_311",
            "OBJ_312",
            "OBJ_313",
            "OBJ_314",
            "OBJ_315",
            "OBJ_316",
            "OBJ_317",
            "OBJ_318",
            "OBJ_319",
            "OBJ_320",
            "OBJ_321",
            "OBJ_322",
            "OBJ_323",
            "OBJ_324",
            "OBJ_325",
            "OBJ_326",
            "OBJ_327",
            "OBJ_328",
            "OBJ_329",
            "OBJ_330",
            "OBJ_331",
            "OBJ_332",
            "OBJ_333",
            "OBJ_334",
            "OBJ_335",
            "OBJ_336",
            "OBJ_337",
            "OBJ_338",
            "OBJ_339",
            "OBJ_340",
            "OBJ_341",
            "OBJ_342",
            "OBJ_343",
            "OBJ_344",
            "OBJ_345",
            "OBJ_346",
            "OBJ_347"
         );
      };
      "OBJ_303" = {
         isa = "PBXBuildFile";
         fileRef = "OBJ_65";
      };
      "OBJ_304" = {
         isa = "PBXBuildFile";
         fileRef = "OBJ_66";
      };
      "OBJ_305" = {
         isa = "PBXBuildFile";
         fileRef = "OBJ_67";
      };
      "OBJ_306" = {
         isa = "PBXBuildFile";
         fileRef = "OBJ_68";
      };
      "OBJ_307" = {
         isa = "PBXBuildFile";
         fileRef = "OBJ_69";
      };
      "OBJ_308" = {
         isa = "PBXBuildFile";
         fileRef = "OBJ_70";
      };
      "OBJ_309" = {
         isa = "PBXBuildFile";
         fileRef = "OBJ_71";
      };
      "OBJ_31" = {
         isa = "PBXGroup";
         children = (
            "OBJ_32",
            "OBJ_33",
            "OBJ_34",
            "OBJ_35",
            "OBJ_36",
            "OBJ_37",
            "OBJ_38",
            "OBJ_39",
            "OBJ_40",
            "OBJ_41",
            "OBJ_42",
            "OBJ_43"
         );
         name = "Rainbow 3.2.0";
         path = ".build/checkouts/Rainbow/Sources";
         sourceTree = "SOURCE_ROOT";
      };
      "OBJ_310" = {
         isa = "PBXBuildFile";
         fileRef = "OBJ_72";
      };
      "OBJ_311" = {
         isa = "PBXBuildFile";
         fileRef = "OBJ_73";
      };
      "OBJ_312" = {
         isa = "PBXBuildFile";
         fileRef = "OBJ_74";
      };
      "OBJ_313" = {
         isa = "PBXBuildFile";
         fileRef = "OBJ_75";
      };
      "OBJ_314" = {
         isa = "PBXBuildFile";
         fileRef = "OBJ_76";
      };
      "OBJ_315" = {
         isa = "PBXBuildFile";
         fileRef = "OBJ_77";
      };
      "OBJ_316" = {
         isa = "PBXBuildFile";
         fileRef = "OBJ_78";
      };
      "OBJ_317" = {
         isa = "PBXBuildFile";
         fileRef = "OBJ_79";
      };
      "OBJ_318" = {
         isa = "PBXBuildFile";
         fileRef = "OBJ_80";
      };
      "OBJ_319" = {
         isa = "PBXBuildFile";
         fileRef = "OBJ_81";
      };
      "OBJ_32" = {
         isa = "PBXFileReference";
         explicitFileType = "sourcecode.swift";
         name = "Package.swift";
         path = "/Users/imairiyousuke/git/RIBsCodeGen/.build/checkouts/Rainbow/Package.swift";
         sourceTree = "<group>";
      };
      "OBJ_320" = {
         isa = "PBXBuildFile";
         fileRef = "OBJ_82";
      };
      "OBJ_321" = {
         isa = "PBXBuildFile";
         fileRef = "OBJ_83";
      };
      "OBJ_322" = {
         isa = "PBXBuildFile";
         fileRef = "OBJ_84";
      };
      "OBJ_323" = {
         isa = "PBXBuildFile";
         fileRef = "OBJ_85";
      };
      "OBJ_324" = {
         isa = "PBXBuildFile";
         fileRef = "OBJ_86";
      };
      "OBJ_325" = {
         isa = "PBXBuildFile";
         fileRef = "OBJ_87";
      };
      "OBJ_326" = {
         isa = "PBXBuildFile";
         fileRef = "OBJ_88";
      };
      "OBJ_327" = {
         isa = "PBXBuildFile";
         fileRef = "OBJ_89";
      };
      "OBJ_328" = {
         isa = "PBXBuildFile";
         fileRef = "OBJ_90";
      };
      "OBJ_329" = {
         isa = "PBXBuildFile";
         fileRef = "OBJ_91";
      };
      "OBJ_33" = {
         isa = "PBXFileReference";
         path = "BackgroundColor.swift";
         sourceTree = "<group>";
      };
      "OBJ_330" = {
         isa = "PBXBuildFile";
         fileRef = "OBJ_92";
      };
      "OBJ_331" = {
         isa = "PBXBuildFile";
         fileRef = "OBJ_93";
      };
      "OBJ_332" = {
         isa = "PBXBuildFile";
         fileRef = "OBJ_94";
      };
      "OBJ_333" = {
         isa = "PBXBuildFile";
         fileRef = "OBJ_95";
      };
      "OBJ_334" = {
         isa = "PBXBuildFile";
         fileRef = "OBJ_96";
      };
      "OBJ_335" = {
         isa = "PBXBuildFile";
         fileRef = "OBJ_97";
      };
      "OBJ_336" = {
         isa = "PBXBuildFile";
         fileRef = "OBJ_98";
      };
      "OBJ_337" = {
         isa = "PBXBuildFile";
         fileRef = "OBJ_99";
      };
      "OBJ_338" = {
         isa = "PBXBuildFile";
         fileRef = "OBJ_100";
      };
      "OBJ_339" = {
         isa = "PBXBuildFile";
         fileRef = "OBJ_101";
      };
      "OBJ_34" = {
         isa = "PBXFileReference";
         path = "CodesParser.swift";
         sourceTree = "<group>";
      };
      "OBJ_340" = {
         isa = "PBXBuildFile";
         fileRef = "OBJ_102";
      };
      "OBJ_341" = {
         isa = "PBXBuildFile";
         fileRef = "OBJ_103";
      };
      "OBJ_342" = {
         isa = "PBXBuildFile";
         fileRef = "OBJ_104";
      };
      "OBJ_343" = {
         isa = "PBXBuildFile";
         fileRef = "OBJ_105";
      };
      "OBJ_344" = {
         isa = "PBXBuildFile";
         fileRef = "OBJ_106";
      };
      "OBJ_345" = {
         isa = "PBXBuildFile";
         fileRef = "OBJ_107";
      };
      "OBJ_346" = {
         isa = "PBXBuildFile";
         fileRef = "OBJ_108";
      };
      "OBJ_347" = {
         isa = "PBXBuildFile";
         fileRef = "OBJ_109";
      };
      "OBJ_348" = {
         isa = "PBXFrameworksBuildPhase";
         files = (
            "OBJ_349",
            "OBJ_350",
            "OBJ_351",
            "OBJ_352",
            "OBJ_353"
         );
      };
      "OBJ_349" = {
         isa = "PBXBuildFile";
         fileRef = "Yams::Yams::Product";
      };
      "OBJ_35" = {
         isa = "PBXFileReference";
         path = "Color.swift";
         sourceTree = "<group>";
      };
      "OBJ_350" = {
         isa = "PBXBuildFile";
         fileRef = "Yams::CYaml::Product";
      };
      "OBJ_351" = {
         isa = "PBXBuildFile";
         fileRef = "SWXMLHash::SWXMLHash::Product";
      };
      "OBJ_352" = {
         isa = "PBXBuildFile";
         fileRef = "SourceKitten::SourceKit::Product";
      };
      "OBJ_353" = {
         isa = "PBXBuildFile";
         fileRef = "SourceKitten::Clang_C::Product";
      };
      "OBJ_354" = {
         isa = "PBXTargetDependency";
         target = "Yams::Yams";
      };
      "OBJ_355" = {
         isa = "PBXTargetDependency";
         target = "Yams::CYaml";
      };
      "OBJ_356" = {
         isa = "PBXTargetDependency";
         target = "SWXMLHash::SWXMLHash";
      };
      "OBJ_357" = {
         isa = "PBXTargetDependency";
         target = "SourceKitten::SourceKit";
      };
      "OBJ_358" = {
         isa = "PBXTargetDependency";
         target = "SourceKitten::Clang_C";
      };
      "OBJ_36" = {
         isa = "PBXFileReference";
         path = "ControlCode.swift";
         sourceTree = "<group>";
      };
      "OBJ_360" = {
         isa = "XCConfigurationList";
         buildConfigurations = (
            "OBJ_361",
            "OBJ_362"
         );
         defaultConfigurationIsVisible = "0";
         defaultConfigurationName = "Release";
      };
      "OBJ_361" = {
         isa = "XCBuildConfiguration";
         buildSettings = {
            LD = "/usr/bin/true";
            OTHER_SWIFT_FLAGS = (
               "-swift-version",
               "5",
               "-I",
               "$(TOOLCHAIN_DIR)/usr/lib/swift/pm/4_2",
               "-sdk",
               "/Applications/Xcode12.5.app/Contents/Developer/Platforms/MacOSX.platform/Developer/SDKs/MacOSX11.3.sdk",
               "-package-description-version",
               "5.2.0"
            );
            SWIFT_VERSION = "5.0";
         };
         name = "Debug";
      };
      "OBJ_362" = {
         isa = "XCBuildConfiguration";
         buildSettings = {
            LD = "/usr/bin/true";
            OTHER_SWIFT_FLAGS = (
               "-swift-version",
               "5",
               "-I",
               "$(TOOLCHAIN_DIR)/usr/lib/swift/pm/4_2",
               "-sdk",
               "/Applications/Xcode12.5.app/Contents/Developer/Platforms/MacOSX.platform/Developer/SDKs/MacOSX11.3.sdk",
               "-package-description-version",
               "5.2.0"
            );
            SWIFT_VERSION = "5.0";
         };
         name = "Release";
      };
      "OBJ_363" = {
         isa = "PBXSourcesBuildPhase";
         files = (
            "OBJ_364"
         );
      };
      "OBJ_364" = {
         isa = "PBXBuildFile";
         fileRef = "OBJ_111";
      };
      "OBJ_365" = {
         isa = "XCConfigurationList";
         buildConfigurations = (
            "OBJ_366",
            "OBJ_367"
         );
         defaultConfigurationIsVisible = "0";
         defaultConfigurationName = "Release";
      };
      "OBJ_366" = {
         isa = "XCBuildConfiguration";
         buildSettings = {
            CURRENT_PROJECT_VERSION = "1";
            ENABLE_TESTABILITY = "YES";
            FRAMEWORK_SEARCH_PATHS = (
               "$(inherited)",
               "$(PLATFORM_DIR)/Developer/Library/Frameworks"
            );
            HEADER_SEARCH_PATHS = (
               "$(inherited)",
               "$(SRCROOT)/.build/checkouts/Yams/Sources/CYaml/include"
            );
            INFOPLIST_FILE = "RIBsCodeGen.xcodeproj/Yams_Info.plist";
            IPHONEOS_DEPLOYMENT_TARGET = "9.0";
            LD_RUNPATH_SEARCH_PATHS = (
               "$(inherited)",
               "$(TOOLCHAIN_DIR)/usr/lib/swift/macosx"
            );
            MACOSX_DEPLOYMENT_TARGET = "10.10";
            OTHER_CFLAGS = (
               "$(inherited)"
            );
            OTHER_LDFLAGS = (
               "$(inherited)"
            );
            OTHER_SWIFT_FLAGS = (
               "$(inherited)",
               "-Xcc",
               "-fmodule-map-file=$(SRCROOT)/.build/checkouts/Yams/Sources/CYaml/include/module.modulemap"
            );
            PRODUCT_BUNDLE_IDENTIFIER = "Yams";
            PRODUCT_MODULE_NAME = "$(TARGET_NAME:c99extidentifier)";
            PRODUCT_NAME = "$(TARGET_NAME:c99extidentifier)";
            SKIP_INSTALL = "YES";
            SWIFT_ACTIVE_COMPILATION_CONDITIONS = (
               "$(inherited)"
            );
            SWIFT_VERSION = "5.0";
            TARGET_NAME = "Yams";
            TVOS_DEPLOYMENT_TARGET = "9.0";
            WATCHOS_DEPLOYMENT_TARGET = "2.0";
         };
         name = "Debug";
      };
      "OBJ_367" = {
         isa = "XCBuildConfiguration";
         buildSettings = {
            CURRENT_PROJECT_VERSION = "1";
            ENABLE_TESTABILITY = "YES";
            FRAMEWORK_SEARCH_PATHS = (
               "$(inherited)",
               "$(PLATFORM_DIR)/Developer/Library/Frameworks"
            );
            HEADER_SEARCH_PATHS = (
               "$(inherited)",
               "$(SRCROOT)/.build/checkouts/Yams/Sources/CYaml/include"
            );
            INFOPLIST_FILE = "RIBsCodeGen.xcodeproj/Yams_Info.plist";
            IPHONEOS_DEPLOYMENT_TARGET = "9.0";
            LD_RUNPATH_SEARCH_PATHS = (
               "$(inherited)",
               "$(TOOLCHAIN_DIR)/usr/lib/swift/macosx"
            );
            MACOSX_DEPLOYMENT_TARGET = "10.10";
            OTHER_CFLAGS = (
               "$(inherited)"
            );
            OTHER_LDFLAGS = (
               "$(inherited)"
            );
            OTHER_SWIFT_FLAGS = (
               "$(inherited)",
               "-Xcc",
               "-fmodule-map-file=$(SRCROOT)/.build/checkouts/Yams/Sources/CYaml/include/module.modulemap"
            );
            PRODUCT_BUNDLE_IDENTIFIER = "Yams";
            PRODUCT_MODULE_NAME = "$(TARGET_NAME:c99extidentifier)";
            PRODUCT_NAME = "$(TARGET_NAME:c99extidentifier)";
            SKIP_INSTALL = "YES";
            SWIFT_ACTIVE_COMPILATION_CONDITIONS = (
               "$(inherited)"
            );
            SWIFT_VERSION = "5.0";
            TARGET_NAME = "Yams";
            TVOS_DEPLOYMENT_TARGET = "9.0";
            WATCHOS_DEPLOYMENT_TARGET = "2.0";
         };
         name = "Release";
      };
      "OBJ_368" = {
         isa = "PBXSourcesBuildPhase";
         files = (
            "OBJ_369",
            "OBJ_370",
            "OBJ_371",
            "OBJ_372",
            "OBJ_373",
            "OBJ_374",
            "OBJ_375",
            "OBJ_376",
            "OBJ_377",
            "OBJ_378",
            "OBJ_379",
            "OBJ_380",
            "OBJ_381",
            "OBJ_382",
            "OBJ_383"
         );
      };
      "OBJ_369" = {
         isa = "PBXBuildFile";
         fileRef = "OBJ_126";
      };
      "OBJ_37" = {
         isa = "PBXFileReference";
         path = "ModesExtractor.swift";
         sourceTree = "<group>";
      };
      "OBJ_370" = {
         isa = "PBXBuildFile";
         fileRef = "OBJ_127";
      };
      "OBJ_371" = {
         isa = "PBXBuildFile";
         fileRef = "OBJ_128";
      };
      "OBJ_372" = {
         isa = "PBXBuildFile";
         fileRef = "OBJ_129";
      };
      "OBJ_373" = {
         isa = "PBXBuildFile";
         fileRef = "OBJ_130";
      };
      "OBJ_374" = {
         isa = "PBXBuildFile";
         fileRef = "OBJ_131";
      };
      "OBJ_375" = {
         isa = "PBXBuildFile";
         fileRef = "OBJ_132";
      };
      "OBJ_376" = {
         isa = "PBXBuildFile";
         fileRef = "OBJ_133";
      };
      "OBJ_377" = {
         isa = "PBXBuildFile";
         fileRef = "OBJ_134";
      };
      "OBJ_378" = {
         isa = "PBXBuildFile";
         fileRef = "OBJ_135";
      };
      "OBJ_379" = {
         isa = "PBXBuildFile";
         fileRef = "OBJ_136";
      };
      "OBJ_38" = {
         isa = "PBXFileReference";
         path = "OutputTarget.swift";
         sourceTree = "<group>";
      };
      "OBJ_380" = {
         isa = "PBXBuildFile";
         fileRef = "OBJ_137";
      };
      "OBJ_381" = {
         isa = "PBXBuildFile";
         fileRef = "OBJ_138";
      };
      "OBJ_382" = {
         isa = "PBXBuildFile";
         fileRef = "OBJ_139";
      };
      "OBJ_383" = {
         isa = "PBXBuildFile";
         fileRef = "OBJ_140";
      };
      "OBJ_384" = {
         isa = "PBXFrameworksBuildPhase";
         files = (
            "OBJ_385"
         );
      };
      "OBJ_385" = {
         isa = "PBXBuildFile";
         fileRef = "Yams::CYaml::Product";
      };
      "OBJ_386" = {
         isa = "PBXTargetDependency";
         target = "Yams::CYaml";
      };
      "OBJ_388" = {
         isa = "XCConfigurationList";
         buildConfigurations = (
            "OBJ_389",
            "OBJ_390"
         );
         defaultConfigurationIsVisible = "0";
         defaultConfigurationName = "Release";
      };
      "OBJ_389" = {
         isa = "XCBuildConfiguration";
         buildSettings = {
            LD = "/usr/bin/true";
            OTHER_SWIFT_FLAGS = (
               "-swift-version",
               "5",
               "-I",
               "$(TOOLCHAIN_DIR)/usr/lib/swift/pm/4_2",
               "-sdk",
               "/Applications/Xcode12.5.app/Contents/Developer/Platforms/MacOSX.platform/Developer/SDKs/MacOSX11.3.sdk",
               "-package-description-version",
               "5.0.0"
            );
            SWIFT_VERSION = "5.0";
         };
         name = "Debug";
      };
      "OBJ_39" = {
         isa = "PBXFileReference";
         path = "Rainbow.swift";
         sourceTree = "<group>";
      };
      "OBJ_390" = {
         isa = "XCBuildConfiguration";
         buildSettings = {
            LD = "/usr/bin/true";
            OTHER_SWIFT_FLAGS = (
               "-swift-version",
               "5",
               "-I",
               "$(TOOLCHAIN_DIR)/usr/lib/swift/pm/4_2",
               "-sdk",
               "/Applications/Xcode12.5.app/Contents/Developer/Platforms/MacOSX.platform/Developer/SDKs/MacOSX11.3.sdk",
               "-package-description-version",
               "5.0.0"
            );
            SWIFT_VERSION = "5.0";
         };
         name = "Release";
      };
      "OBJ_391" = {
         isa = "PBXSourcesBuildPhase";
         files = (
            "OBJ_392"
         );
      };
      "OBJ_392" = {
         isa = "PBXBuildFile";
         fileRef = "OBJ_141";
      };
      "OBJ_394" = {
         isa = "XCConfigurationList";
         buildConfigurations = (
            "OBJ_395",
            "OBJ_396"
         );
         defaultConfigurationIsVisible = "0";
         defaultConfigurationName = "Release";
      };
      "OBJ_395" = {
         isa = "XCBuildConfiguration";
         buildSettings = {
         };
         name = "Debug";
      };
      "OBJ_396" = {
         isa = "XCBuildConfiguration";
         buildSettings = {
         };
         name = "Release";
      };
      "OBJ_397" = {
         isa = "PBXTargetDependency";
         target = "RIBsCodeGen::RIBsCodeGen";
      };
      "OBJ_4" = {
         isa = "XCBuildConfiguration";
         buildSettings = {
            CLANG_ENABLE_OBJC_ARC = "YES";
            COMBINE_HIDPI_IMAGES = "YES";
            COPY_PHASE_STRIP = "YES";
            DEBUG_INFORMATION_FORMAT = "dwarf-with-dsym";
            DYLIB_INSTALL_NAME_BASE = "@rpath";
            GCC_OPTIMIZATION_LEVEL = "s";
            GCC_PREPROCESSOR_DEFINITIONS = (
               "$(inherited)",
               "SWIFT_PACKAGE=1"
            );
            MACOSX_DEPLOYMENT_TARGET = "10.10";
            OTHER_SWIFT_FLAGS = (
               "$(inherited)",
               "-DXcode"
            );
            PRODUCT_NAME = "$(TARGET_NAME)";
            SDKROOT = "macosx";
            SUPPORTED_PLATFORMS = (
               "$(AVAILABLE_PLATFORMS)"
            );
            SUPPORTS_MACCATALYST = "YES";
            SWIFT_ACTIVE_COMPILATION_CONDITIONS = (
               "$(inherited)",
               "SWIFT_PACKAGE"
            );
            SWIFT_OPTIMIZATION_LEVEL = "-Owholemodule";
            USE_HEADERMAP = "NO";
         };
         name = "Release";
      };
      "OBJ_40" = {
         isa = "PBXFileReference";
         path = "String+Rainbow.swift";
         sourceTree = "<group>";
      };
      "OBJ_41" = {
         isa = "PBXFileReference";
         path = "StringGenerator.swift";
         sourceTree = "<group>";
      };
      "OBJ_42" = {
         isa = "PBXFileReference";
         path = "Style.swift";
         sourceTree = "<group>";
      };
      "OBJ_43" = {
         isa = "PBXFileReference";
         path = "XcodeColorsSupport.swift";
         sourceTree = "<group>";
      };
      "OBJ_44" = {
         isa = "PBXGroup";
         children = (
            "OBJ_45",
            "OBJ_46"
         );
         name = "PathKit 1.0.1";
         path = ".build/checkouts/PathKit/Sources";
         sourceTree = "SOURCE_ROOT";
      };
      "OBJ_45" = {
         isa = "PBXFileReference";
         explicitFileType = "sourcecode.swift";
         name = "Package.swift";
         path = "/Users/imairiyousuke/git/RIBsCodeGen/.build/checkouts/PathKit/Package.swift";
         sourceTree = "<group>";
      };
      "OBJ_46" = {
         isa = "PBXFileReference";
         path = "PathKit.swift";
         sourceTree = "<group>";
      };
      "OBJ_47" = {
         isa = "PBXGroup";
         children = (
            "OBJ_48",
            "OBJ_59",
            "OBJ_64",
            "OBJ_110",
            "OBJ_111"
         );
         name = "SourceKitten 0.31.0";
         path = "";
         sourceTree = "SOURCE_ROOT";
      };
      "OBJ_48" = {
         isa = "PBXGroup";
         children = (
            "OBJ_49",
            "OBJ_50"
         );
         name = "Clang_C";
         path = ".build/checkouts/SourceKitten/Source/Clang_C";
         sourceTree = "SOURCE_ROOT";
      };
      "OBJ_49" = {
         isa = "PBXFileReference";
         path = "Clang_C.m";
         sourceTree = "<group>";
      };
      "OBJ_5" = {
         isa = "PBXGroup";
         children = (
            "OBJ_6",
            "OBJ_7",
            "OBJ_29",
            "OBJ_30",
            "OBJ_147",
            "OBJ_157",
            "OBJ_158",
            "OBJ_159",
            "OBJ_160",
            "OBJ_161",
            "OBJ_162"
         );
         path = "";
         sourceTree = "<group>";
      };
      "OBJ_50" = {
         isa = "PBXGroup";
         children = (
            "OBJ_51",
            "OBJ_52",
            "OBJ_53",
            "OBJ_54",
            "OBJ_55",
            "OBJ_56",
            "OBJ_57",
            "OBJ_58"
         );
         name = "include";
         path = "include";
         sourceTree = "<group>";
      };
      "OBJ_51" = {
         isa = "PBXFileReference";
         path = "Index.h";
         sourceTree = "<group>";
      };
      "OBJ_52" = {
         isa = "PBXFileReference";
         path = "BuildSystem.h";
         sourceTree = "<group>";
      };
      "OBJ_53" = {
         isa = "PBXFileReference";
         path = "Documentation.h";
         sourceTree = "<group>";
      };
      "OBJ_54" = {
         isa = "PBXFileReference";
         path = "CXCompilationDatabase.h";
         sourceTree = "<group>";
      };
      "OBJ_55" = {
         isa = "PBXFileReference";
         path = "Clang_C.h";
         sourceTree = "<group>";
      };
      "OBJ_56" = {
         isa = "PBXFileReference";
         path = "CXErrorCode.h";
         sourceTree = "<group>";
      };
      "OBJ_57" = {
         isa = "PBXFileReference";
         path = "CXString.h";
         sourceTree = "<group>";
      };
      "OBJ_58" = {
         isa = "PBXFileReference";
         path = "Platform.h";
         sourceTree = "<group>";
      };
      "OBJ_59" = {
         isa = "PBXGroup";
         children = (
            "OBJ_60",
            "OBJ_61"
         );
         name = "SourceKit";
         path = ".build/checkouts/SourceKitten/Source/SourceKit";
         sourceTree = "SOURCE_ROOT";
      };
      "OBJ_6" = {
         isa = "PBXFileReference";
         explicitFileType = "sourcecode.swift";
         path = "Package.swift";
         sourceTree = "<group>";
      };
      "OBJ_60" = {
         isa = "PBXFileReference";
         path = "SourceKit.m";
         sourceTree = "<group>";
      };
      "OBJ_61" = {
         isa = "PBXGroup";
         children = (
            "OBJ_62",
            "OBJ_63"
         );
         name = "include";
         path = "include";
         sourceTree = "<group>";
      };
      "OBJ_62" = {
         isa = "PBXFileReference";
         path = "SourceKit.h";
         sourceTree = "<group>";
      };
      "OBJ_63" = {
         isa = "PBXFileReference";
         path = "sourcekitd.h";
         sourceTree = "<group>";
      };
      "OBJ_64" = {
         isa = "PBXGroup";
         children = (
            "OBJ_65",
            "OBJ_66",
            "OBJ_67",
            "OBJ_68",
            "OBJ_69",
            "OBJ_70",
            "OBJ_71",
            "OBJ_72",
            "OBJ_73",
            "OBJ_74",
            "OBJ_75",
            "OBJ_76",
            "OBJ_77",
            "OBJ_78",
            "OBJ_79",
            "OBJ_80",
            "OBJ_81",
            "OBJ_82",
            "OBJ_83",
            "OBJ_84",
            "OBJ_85",
            "OBJ_86",
            "OBJ_87",
            "OBJ_88",
            "OBJ_89",
            "OBJ_90",
            "OBJ_91",
            "OBJ_92",
            "OBJ_93",
            "OBJ_94",
            "OBJ_95",
            "OBJ_96",
            "OBJ_97",
            "OBJ_98",
            "OBJ_99",
            "OBJ_100",
            "OBJ_101",
            "OBJ_102",
            "OBJ_103",
            "OBJ_104",
            "OBJ_105",
            "OBJ_106",
            "OBJ_107",
            "OBJ_108",
            "OBJ_109"
         );
         name = "SourceKittenFramework";
         path = ".build/checkouts/SourceKitten/Source/SourceKittenFramework";
         sourceTree = "SOURCE_ROOT";
      };
      "OBJ_65" = {
         isa = "PBXFileReference";
         path = "ByteCount.swift";
         sourceTree = "<group>";
      };
      "OBJ_66" = {
         isa = "PBXFileReference";
         path = "ByteRange.swift";
         sourceTree = "<group>";
      };
      "OBJ_67" = {
         isa = "PBXFileReference";
         path = "Clang+SourceKitten.swift";
         sourceTree = "<group>";
      };
      "OBJ_68" = {
         isa = "PBXFileReference";
         path = "ClangTranslationUnit.swift";
         sourceTree = "<group>";
      };
      "OBJ_69" = {
         isa = "PBXFileReference";
         path = "CodeCompletionItem.swift";
         sourceTree = "<group>";
      };
      "OBJ_7" = {
         isa = "PBXGroup";
         children = (
            "OBJ_8"
         );
         name = "Sources";
         path = "";
         sourceTree = "SOURCE_ROOT";
      };
      "OBJ_70" = {
         isa = "PBXFileReference";
         path = "CursorInfo+Parsing.swift";
         sourceTree = "<group>";
      };
      "OBJ_71" = {
         isa = "PBXFileReference";
         path = "Dictionary+Merge.swift";
         sourceTree = "<group>";
      };
      "OBJ_72" = {
         isa = "PBXFileReference";
         path = "Documentation.swift";
         sourceTree = "<group>";
      };
      "OBJ_73" = {
         isa = "PBXFileReference";
         path = "Exec.swift";
         sourceTree = "<group>";
      };
      "OBJ_74" = {
         isa = "PBXFileReference";
         path = "File+Hashable.swift";
         sourceTree = "<group>";
      };
      "OBJ_75" = {
         isa = "PBXFileReference";
         path = "File.swift";
         sourceTree = "<group>";
      };
      "OBJ_76" = {
         isa = "PBXFileReference";
         path = "JSONOutput.swift";
         sourceTree = "<group>";
      };
      "OBJ_77" = {
         isa = "PBXFileReference";
         path = "Language.swift";
         sourceTree = "<group>";
      };
      "OBJ_78" = {
         isa = "PBXFileReference";
         path = "Line.swift";
         sourceTree = "<group>";
      };
      "OBJ_79" = {
         isa = "PBXFileReference";
         path = "LinuxCompatibility.swift";
         sourceTree = "<group>";
      };
      "OBJ_8" = {
         isa = "PBXGroup";
         children = (
            "OBJ_9",
            "OBJ_15",
            "OBJ_16",
            "OBJ_21",
            "OBJ_27",
            "OBJ_28"
         );
         name = "RIBsCodeGen";
         path = "Sources/RIBsCodeGen";
         sourceTree = "SOURCE_ROOT";
      };
      "OBJ_80" = {
         isa = "PBXFileReference";
         path = "Module.swift";
         sourceTree = "<group>";
      };
      "OBJ_81" = {
         isa = "PBXFileReference";
         path = "ObjCDeclarationKind.swift";
         sourceTree = "<group>";
      };
      "OBJ_82" = {
         isa = "PBXFileReference";
         path = "OffsetMap.swift";
         sourceTree = "<group>";
      };
      "OBJ_83" = {
         isa = "PBXFileReference";
         path = "Parameter.swift";
         sourceTree = "<group>";
      };
      "OBJ_84" = {
         isa = "PBXFileReference";
         path = "Request.swift";
         sourceTree = "<group>";
      };
      "OBJ_85" = {
         isa = "PBXFileReference";
         path = "SourceDeclaration.swift";
         sourceTree = "<group>";
      };
      "OBJ_86" = {
         isa = "PBXFileReference";
         path = "SourceKitObject.swift";
         sourceTree = "<group>";
      };
      "OBJ_87" = {
         isa = "PBXFileReference";
         path = "SourceLocation.swift";
         sourceTree = "<group>";
      };
      "OBJ_88" = {
         isa = "PBXFileReference";
         path = "StatementKind.swift";
         sourceTree = "<group>";
      };
      "OBJ_89" = {
         isa = "PBXFileReference";
         path = "String+SourceKitten.swift";
         sourceTree = "<group>";
      };
      "OBJ_9" = {
         isa = "PBXGroup";
         children = (
            "OBJ_10",
            "OBJ_11",
            "OBJ_12",
            "OBJ_13",
            "OBJ_14"
         );
         name = "Commands";
         path = "Commands";
         sourceTree = "<group>";
      };
      "OBJ_90" = {
         isa = "PBXFileReference";
         path = "StringView+SourceKitten.swift";
         sourceTree = "<group>";
      };
      "OBJ_91" = {
         isa = "PBXFileReference";
         path = "StringView.swift";
         sourceTree = "<group>";
      };
      "OBJ_92" = {
         isa = "PBXFileReference";
         path = "Structure.swift";
         sourceTree = "<group>";
      };
      "OBJ_93" = {
         isa = "PBXFileReference";
         path = "SwiftDeclarationAttributeKind.swift";
         sourceTree = "<group>";
      };
      "OBJ_94" = {
         isa = "PBXFileReference";
         path = "SwiftDeclarationKind.swift";
         sourceTree = "<group>";
      };
      "OBJ_95" = {
         isa = "PBXFileReference";
         path = "SwiftDocKey.swift";
         sourceTree = "<group>";
      };
      "OBJ_96" = {
         isa = "PBXFileReference";
         path = "SwiftDocs.swift";
         sourceTree = "<group>";
      };
      "OBJ_97" = {
         isa = "PBXFileReference";
         path = "SwiftVersion.swift";
         sourceTree = "<group>";
      };
      "OBJ_98" = {
         isa = "PBXFileReference";
         path = "SyntaxKind.swift";
         sourceTree = "<group>";
      };
      "OBJ_99" = {
         isa = "PBXFileReference";
         path = "SyntaxMap.swift";
         sourceTree = "<group>";
      };
      "PathKit::PathKit" = {
         isa = "PBXNativeTarget";
         buildConfigurationList = "OBJ_192";
         buildPhases = (
            "OBJ_195",
            "OBJ_197"
         );
         dependencies = (
         );
         name = "PathKit";
         productName = "PathKit";
         productReference = "PathKit::PathKit::Product";
         productType = "com.apple.product-type.framework";
      };
      "PathKit::PathKit::Product" = {
         isa = "PBXFileReference";
         path = "PathKit.framework";
         sourceTree = "BUILT_PRODUCTS_DIR";
      };
      "PathKit::SwiftPMPackageDescription" = {
         isa = "PBXNativeTarget";
         buildConfigurationList = "OBJ_199";
         buildPhases = (
            "OBJ_202"
         );
         dependencies = (
         );
         name = "PathKitPackageDescription";
         productName = "PathKitPackageDescription";
         productType = "com.apple.product-type.framework";
      };
      "RIBsCodeGen::RIBsCodeGen" = {
         isa = "PBXNativeTarget";
         buildConfigurationList = "OBJ_205";
         buildPhases = (
            "OBJ_208",
            "OBJ_226"
         );
         dependencies = (
            "OBJ_235",
            "OBJ_237",
            "OBJ_238",
            "OBJ_240",
            "OBJ_242",
            "OBJ_243",
            "OBJ_245",
            "OBJ_247"
         );
         name = "RIBsCodeGen";
         productName = "RIBsCodeGen";
         productReference = "RIBsCodeGen::RIBsCodeGen::Product";
         productType = "com.apple.product-type.tool";
      };
      "RIBsCodeGen::RIBsCodeGen::Product" = {
         isa = "PBXFileReference";
         path = "RIBsCodeGen";
         sourceTree = "BUILT_PRODUCTS_DIR";
      };
      "RIBsCodeGen::SwiftPMPackageDescription" = {
         isa = "PBXNativeTarget";
         buildConfigurationList = "OBJ_249";
         buildPhases = (
            "OBJ_252"
         );
         dependencies = (
         );
         name = "RIBsCodeGenPackageDescription";
         productName = "RIBsCodeGenPackageDescription";
         productType = "com.apple.product-type.framework";
      };
      "RIBsCodeGen::ribscodegen::ProductTarget" = {
         isa = "PBXAggregateTarget";
         buildConfigurationList = "OBJ_394";
         buildPhases = (
         );
         dependencies = (
            "OBJ_397"
         );
         name = "ribscodegen";
         productName = "ribscodegen";
      };
      "Rainbow::Rainbow" = {
         isa = "PBXNativeTarget";
         buildConfigurationList = "OBJ_254";
         buildPhases = (
            "OBJ_257",
            "OBJ_269"
         );
         dependencies = (
         );
         name = "Rainbow";
         productName = "Rainbow";
         productReference = "Rainbow::Rainbow::Product";
         productType = "com.apple.product-type.framework";
      };
      "Rainbow::Rainbow::Product" = {
         isa = "PBXFileReference";
         path = "Rainbow.framework";
         sourceTree = "BUILT_PRODUCTS_DIR";
      };
      "Rainbow::SwiftPMPackageDescription" = {
         isa = "PBXNativeTarget";
         buildConfigurationList = "OBJ_271";
         buildPhases = (
            "OBJ_274"
         );
         dependencies = (
         );
         name = "RainbowPackageDescription";
         productName = "RainbowPackageDescription";
         productType = "com.apple.product-type.framework";
      };
      "SWXMLHash::SWXMLHash" = {
         isa = "PBXNativeTarget";
         buildConfigurationList = "OBJ_276";
         buildPhases = (
            "OBJ_279",
            "OBJ_283"
         );
         dependencies = (
         );
         name = "SWXMLHash";
         productName = "SWXMLHash";
         productReference = "SWXMLHash::SWXMLHash::Product";
         productType = "com.apple.product-type.framework";
      };
      "SWXMLHash::SWXMLHash::Product" = {
         isa = "PBXFileReference";
         path = "SWXMLHash.framework";
         sourceTree = "BUILT_PRODUCTS_DIR";
      };
      "SWXMLHash::SwiftPMPackageDescription" = {
         isa = "PBXNativeTarget";
         buildConfigurationList = "OBJ_285";
         buildPhases = (
            "OBJ_288"
         );
         dependencies = (
         );
         name = "SWXMLHashPackageDescription";
         productName = "SWXMLHashPackageDescription";
         productType = "com.apple.product-type.framework";
      };
      "SourceKitten::Clang_C" = {
         isa = "PBXNativeTarget";
         buildConfigurationList = "OBJ_176";
         buildPhases = (
            "OBJ_179",
            "OBJ_181",
            "OBJ_190"
         );
         dependencies = (
         );
         name = "Clang_C";
         productName = "Clang_C";
         productReference = "SourceKitten::Clang_C::Product";
         productType = "com.apple.product-type.framework";
      };
      "SourceKitten::Clang_C::Product" = {
         isa = "PBXFileReference";
         path = "Clang_C.framework";
         sourceTree = "BUILT_PRODUCTS_DIR";
      };
      "SourceKitten::SourceKit" = {
         isa = "PBXNativeTarget";
         buildConfigurationList = "OBJ_290";
         buildPhases = (
            "OBJ_293",
            "OBJ_295",
            "OBJ_298"
         );
         dependencies = (
         );
         name = "SourceKit";
         productName = "SourceKit";
         productReference = "SourceKitten::SourceKit::Product";
         productType = "com.apple.product-type.framework";
      };
      "SourceKitten::SourceKit::Product" = {
         isa = "PBXFileReference";
         path = "SourceKit.framework";
         sourceTree = "BUILT_PRODUCTS_DIR";
      };
      "SourceKitten::SourceKittenFramework" = {
         isa = "PBXNativeTarget";
         buildConfigurationList = "OBJ_299";
         buildPhases = (
            "OBJ_302",
            "OBJ_348"
         );
         dependencies = (
            "OBJ_354",
            "OBJ_355",
            "OBJ_356",
            "OBJ_357",
            "OBJ_358"
         );
         name = "SourceKittenFramework";
         productName = "SourceKittenFramework";
         productReference = "SourceKitten::SourceKittenFramework::Product";
         productType = "com.apple.product-type.framework";
      };
      "SourceKitten::SourceKittenFramework::Product" = {
         isa = "PBXFileReference";
         path = "SourceKittenFramework.framework";
         sourceTree = "BUILT_PRODUCTS_DIR";
      };
      "SourceKitten::SwiftPMPackageDescription" = {
         isa = "PBXNativeTarget";
         buildConfigurationList = "OBJ_360";
         buildPhases = (
            "OBJ_363"
         );
         dependencies = (
         );
         name = "SourceKittenPackageDescription";
         productName = "SourceKittenPackageDescription";
         productType = "com.apple.product-type.framework";
      };
      "Yams::CYaml" = {
         isa = "PBXNativeTarget";
         buildConfigurationList = "OBJ_164";
         buildPhases = (
            "OBJ_167",
            "OBJ_174"
         );
         dependencies = (
         );
         name = "CYaml";
         productName = "CYaml";
         productReference = "Yams::CYaml::Product";
         productType = "com.apple.product-type.framework";
      };
      "Yams::CYaml::Product" = {
         isa = "PBXFileReference";
         path = "CYaml.framework";
         sourceTree = "BUILT_PRODUCTS_DIR";
      };
      "Yams::SwiftPMPackageDescription" = {
         isa = "PBXNativeTarget";
         buildConfigurationList = "OBJ_388";
         buildPhases = (
            "OBJ_391"
         );
         dependencies = (
         );
         name = "YamsPackageDescription";
         productName = "YamsPackageDescription";
         productType = "com.apple.product-type.framework";
      };
      "Yams::Yams" = {
         isa = "PBXNativeTarget";
         buildConfigurationList = "OBJ_365";
         buildPhases = (
            "OBJ_368",
            "OBJ_384"
         );
         dependencies = (
            "OBJ_386"
         );
         name = "Yams";
         productName = "Yams";
         productReference = "Yams::Yams::Product";
         productType = "com.apple.product-type.framework";
      };
      "Yams::Yams::Product" = {
         isa = "PBXFileReference";
         path = "Yams.framework";
         sourceTree = "BUILT_PRODUCTS_DIR";
      };
   };
   rootObject = "OBJ_1";
}
